# target-audit sources lock. Written by scripts/docfetch.sh --update. Do not hand-edit rows.
# target	kind	url	http	mode	sha256	changed
aider	changelog	https://aider.chat/HISTORY.html	200	html	91042d2ce336940a5ab9a1433344ce9a6c7bc3b78f2dc151931081b0345d0f46	2026-09-22
aider	docs	https://aider.chat/docs/config/aider_conf.html	200	html	f488cea89a8f3a92872ab4e45ca7e9e0948c5cde030c6544155c2ba2e0b262f9	2026-09-22
aider	docs	https://aider.chat/docs/usage/conventions.html	200	html	e9ed10235101026ebad18053d21797ce457a554bc5b4fb583ae78b215622f411	2026-09-22
amp	changelog	https://ampcode.com/chronicle	200	html	38919e7921522f56d33952a76b682309a00c4e3fe8b5af3a4b8027b28aab3757	2026-10-07
amp	docs	https://ampcode.com/docs/cli/settings	200	llms-txt	b8d73711715d9b5b7980425b5cc82d4d1d0d886f7b5513f551f07bc243e30fbf	2026-10-08
amp	docs	https://ampcode.com/docs/customize/agents-md	200	llms-txt	f6a8ed5d44ffd11826ad5b11621c2ce95cb545eb5792bdf71df34919583a693a	2026-10-08
amp	docs	https://ampcode.com/docs/customize/global-plugins-and-skills	200	llms-txt	14367a27f00c53e5cfe86fbccf0a1b9e16f950efd647e13b44033d3e00037ddc	2026-10-08
amp	docs	https://ampcode.com/docs/customize/mcp	200	llms-txt	7d3394f58f95b9585a9c89983aa7a13458db3eecd181d97fd84fd59dcf5b3425	2026-10-08
amp	docs	https://ampcode.com/docs/customize/plugins	200	llms-txt	ae4f674e3dee10a93d834a3f70d3f81c0eb4c2d575f0bc2c7b229537bb7339a8	2026-10-08
amp	docs	https://ampcode.com/docs/customize/skills	200	llms-txt	f53c797cdbf9d7603f0e95a40f68ce869e4a3db887bd7e08833ba042350221e9	2026-10-08
amp	docs	https://ampcode.com/docs/orbs/customizing	200	llms-txt	f9298d953e4ae06e448ba2842920309cfaf8a766de04d285d5fca36c6690d2c5	2026-10-08
amp	docs	https://ampcode.com/docs/orbs/portals	200	llms-txt	9ade6fe6dccb2b82f9301387291e61ab4924e1673dc4e99508eef4b1b7d2eb04	2026-10-08
amp	docs	https://ampcode.com/docs/the-dial	200	llms-txt	0b8876eb1dec79130982a3f498a9ee618059a6012467e7d1e1d6a09441a3cffe	2026-10-09
amp	docs	https://ampcode.com/docs/tools	200	llms-txt	3157b7a4f040ba46a33ae268cf6dd132c054981255773ab5c2585f340071fba7	2026-10-08
amp	docs	https://ampcode.com/llms.txt	200	text	69ef4ec675eecf27093ad944e312b373b84fa31ca19b9e5a0e5167ff28ed68c6	2026-10-09
amp	schema	https://ampcode.com/cli-settings.schema.json	200	schema-keys	2280837ae5d21ff966c5f5e935c4840e140dc3a3837af02ede2717c42fb1c72e	2026-09-30
antigravity	changelog	https://antigravity.google/docs/changelog	200	html	44b4291287af7525dd092c7872842b17d88d8369afcdb58c67a04fa9adfd4926	2026-10-08
antigravity	docs	https://antigravity.google/docs/hooks?tab=ide	200	html	6345acd75a0c22fc0351e1a19a0de9373f719cb4d6cb3bf940396319d4978b3f	2026-10-01
antigravity	docs	https://antigravity.google/docs/ide/workflows	200	html	648723471511f6b09714c1ff96c1603c116debc328e3df8ab2e677d44c397a08	2026-10-07
antigravity	docs	https://antigravity.google/docs/mcp?tab=ide	200	html	c20cf290d277de824ee123304b40d3180716ba3ec755b07ab4fcb609294998b8	2026-10-01
antigravity	docs	https://antigravity.google/docs/plugins	200	html	c8514a0f5a207b5b73a89ec7a71c1e7b33623137e97dc4a7497beb048741f31b	2026-10-08
antigravity	docs	https://antigravity.google/docs/rules	200	html	b10461d5dbc639f75236f4f26f3d9e6a5ac70f842bbb9eb39a95e809fdb9835a	2026-10-01
antigravity	docs	https://antigravity.google/docs/skills?tab=ide	200	html	d6f501376046d245e5b8c15c98872ac9dcaf960b6fac18476456a702608efbeb	2026-10-08
antigravity	docs	https://antigravity.google/docs/slash-commands	200	html	2ef1093d0aada965c190b556e17afd2dc4007cc37d79def25284beff0ee2ca27	2026-10-08
antigravity	docs	https://antigravity.google/docs/subagents	200	html	741e0e9db05e93aa9adf038d37e37c09c20b73ce5651b3653fbfec8bc21c29eb	2026-10-06
antigravity	docs	https://codelabs.developers.google.com/getting-started-with-antigravity-skills	200	html	9f3d51c635e862b358e235e6a99b3fa284f3d758d258612ddc3a68c2e65b9c16	2026-09-22
augment	changelog	https://www.augmentcode.com/changelog	200	html	944b48e5656af68f59170f2da7c832f93785f30bd292c4b269400c662f6b2ec8	2026-10-09
augment	docs	https://docs.augmentcode.com/cli/config.md	200	markdown-mirror	d4c6bbcf5654396516eb2ed8e717e2757ac8a3cccd0dba43d78886dfd9ade835	2026-10-02
augment	docs	https://docs.augmentcode.com/cli/custom-commands.md	200	markdown-mirror	49a158f4bc2493c72ac2ab5e108674ab8dd4c41627be9d70a5090499b24e0ce6	2026-10-02
augment	docs	https://docs.augmentcode.com/cli/hooks.md	200	markdown-mirror	93f421dccdd017099d87b12ffd7fe8f272d8adf750856ddfb200d9b55c695378	2026-10-02
augment	docs	https://docs.augmentcode.com/cli/integrations.md	200	markdown-mirror	16b47d1e197ce79300d8e4896899d78107c28c74c569bc3943f93dd6b9d0ac9c	2026-10-02
augment	docs	https://docs.augmentcode.com/cli/permissions.md	200	markdown-mirror	3de8bb3361a6be8676dd128622c90d69fc42ef05fc65c6c6b290a554cc60693e	2026-10-02
augment	docs	https://docs.augmentcode.com/cli/rules.md	200	markdown-mirror	556b123a46583cf6c1cb52451c0c12c74ed7737caa04fa524619bedd85fd7e34	2026-10-02
augment	docs	https://docs.augmentcode.com/cli/skills.md	200	markdown-mirror	7326aab9bf5ed579a4e34cb229a73154ba7177fd434c7ea3418f331e6190be7e	2026-10-02
augment	docs	https://docs.augmentcode.com/cli/subagents.md	200	markdown-mirror	c38d57d164aab595ffe41e7b6d00ab09f57ee2dcb0b87eec5fd06b20dbb45589	2026-10-02
augment	docs	https://docs.augmentcode.com/setup-augment/guidelines.md	200	markdown-mirror	a87a75f9a174307bf26692afce87c7ac8c9257939e59e735a9dd5cef1f94c38f	2026-10-02
claude	changelog	https://github.com/anthropics/claude-code/blob/main/CHANGELOG.md	200	raw-github	c0b1f9aa313a8021d863ec0053c047b0acc792d74e04af9c7741d3ecd23c3d1a	2026-10-08
claude	docs	https://code.claude.com/docs/en/desktop	200	html	f581d9f8629e65a0dcdb157ca38561dd1f2688b892e7d2d68032a38ad739d31f	2026-10-09
claude	docs	https://code.claude.com/docs/en/hooks	200	html	aa02b0caf8f51ea21ff390e18def0bbbefc4456c7e1272766d523f307c670a04	2026-10-09
claude	docs	https://code.claude.com/docs/en/mcp	200	html	da9c9c7562b2bc00c72d10c2b3bf37ca32cadeb370ff8f9b2b6f87cc3515d24b	2026-10-09
claude	docs	https://code.claude.com/docs/en/memory	200	html	e8376927e652768eba44a836bca034a01cd98b6deb19cefd015b7033e637fde7	2026-10-08
claude	docs	https://code.claude.com/docs/en/plugins/loading	200	html	eeca1c01eed87385b22def7e5869ee178c38d03cd93004ffaa2c541d42214570	2026-10-04
claude	docs	https://code.claude.com/docs/en/plugins/mods/events	200	html	86fb50d0fa56b32a95f73c9a12ad6cac0338ee1e478ee87b9330e9ce645181af	2026-10-09
claude	docs	https://code.claude.com/docs/en/plugins/mods/overview	200	html	b1c18487adc7ead3189bef33be7c46043d67e358445c49d5c7e6960a35454ba6	2026-10-09
claude	docs	https://code.claude.com/docs/en/plugins/mods/reference	200	html	6c55c038ec34bc13bc0e8000fcb4f8f21901f22aac6ddf2ffed031312c44cce3	2026-10-09
claude	docs	https://code.claude.com/docs/en/settings	200	html	aac313981a467069ad2513038119381584374bc0b62cae06d8c0b36cf48de798	2026-10-09
claude	docs	https://code.claude.com/docs/en/settings-reference	200	html	ba98be552260fb4362a77d8e1fddbc8193358e805370254ae417d08e13a00ee6	2026-10-09
claude	docs	https://code.claude.com/docs/en/skills	200	html	35fc404a1c523a7668f81f5060350c7bacd52e643f998b83656d7128d9fda9e6	2026-10-09
claude	docs	https://code.claude.com/docs/en/sub-agents	200	html	8b0857dabecfcc9c4dc42d1fdbe94712ee51dd14761ebf2f5f6ed7842b89b044	2026-10-09
claude	schema	https://www.schemastore.org/claude-code-launch.json	200	schema-keys	98ec297b1920aef478914155baf62cd23c81087832505e4077759f8cd0c50f16	2026-09-30
claude	schema	https://www.schemastore.org/claude-code-settings.json	200	schema-keys	9be6db257b1c8748cb4cca1ac5adf492862492b2bfb7c876a305bf499da12ef6	2026-10-09
cline	changelog	https://github.com/cline/cline/releases	200	github-api	73db3dcddd0291b9ee3b83f9235f86798cb40f266510129844e73636dfe8b0c1	2026-10-08
cline	docs	https://docs.cline.bot/customization/cline-rules.md	200	markdown-mirror	5f66dab986dd2c007c3e0d2f0651f74ef59a17669a045cd0d0311687f3b353ec	2026-10-07
cline	docs	https://docs.cline.bot/customization/skills.md	200	markdown-mirror	4bb4766eaef7ed6e33ccaacbe4e367faf48ccf9c204204d14eb29a00d416129f	2026-10-07
cline	docs	https://docs.cline.bot/getting-started/config.md	200	markdown-mirror	76f4d40ede89e8340c4b2ea10c17bc85b1d16fc302bd628c62778161ea05944e	2026-10-07
codex	changelog	https://github.com/openai/codex/releases	200	github-api	9b8a9e79a84c53f37f2f76ead3d58f0e274503c58a196943c907c03b6cb8199d	2026-10-08
codex	changelog	https://learn.chatgpt.com/docs/changelog	200	html	c641a8fb636dbaedf382ce0f1b13fed50af18150d84c59430dba9c44a9b1a73c	2026-10-08
codex	code	https://github.com/openai/codex/blob/main/codex-rs/core/src/agents_md.rs	200	raw-github	97427a870741b904a3f3c143f5990eaaa65b5bfa99ddac1808b2980052b5fc78	2026-09-30
codex	code	https://github.com/openai/codex/blob/main/codex-rs/hooks/src/events/mod.rs	200	raw-github	215121424f62569df3ec920b22a059d1620edf47e1618bdebc4fb23ee6aed5ae	2026-09-30
codex	docs	https://learn.chatgpt.com/docs/agent-configuration/agents-md.md	200	markdown-mirror	9d1f87a2d1cb55b4782b95abe710692b35b9659789c2db31a22c7074a3383e8e	2026-09-25
codex	docs	https://learn.chatgpt.com/docs/agent-configuration/rules.md	200	markdown-mirror	4ecdfe26ece03895220808a7aa4f05c91d837492300262baf5a5df35c3f44ce7	2026-09-30
codex	docs	https://learn.chatgpt.com/docs/agent-configuration/subagents.md	200	markdown-mirror	c5ef4eda3d9f876c8f35c697e720a3e7c760b5cf8c4943c97e82d1d8fe1b0054	2026-09-30
codex	docs	https://learn.chatgpt.com/docs/build-skills.md	200	markdown-mirror	d15791562748e64a53dfec534b8558aa522e732cec0fdedcf7257fa4ef486a20	2026-09-25
codex	docs	https://learn.chatgpt.com/docs/config-file/config-reference.md	200	markdown-mirror	ff9a198c4e39f191ec6d41141b3e867005a82dc1937c228b12197208585cba0b	2026-10-09
codex	docs	https://learn.chatgpt.com/docs/custom-prompts.md	200	markdown-mirror	d6f7cf8dd9f31d2faf5604ef3a6f8322132a7b66fa50823109cb681e372a0fa9	2026-09-25
codex	docs	https://learn.chatgpt.com/docs/hooks.md	200	markdown-mirror	724881d81f1a9fdb35ea42d4851a11b1f6606bbc6e9d2d05c1e8c466fc25c630	2026-09-30
codex	docs	https://learn.chatgpt.com/docs/permissions.md	200	markdown-mirror	5c2f30378c99db5270d7294f74e79ad4e889303b6e957beef0ddeaff0f6b9299	2026-10-09
codex	schema	https://developers.openai.com/codex/config-schema.json	200	schema-keys	0e2fc9cf9e8da6fbef3cc4503295eda0bfd2d35df33aa47b7d0089908ee39951	2026-10-08
codex	schema	https://www.schemastore.org/codex-hooks.json	200	schema-keys	314f75836ea1369eb0d812fab304986fb97ced6e4f6142922cb8dcb2ce9f0c08	2026-09-30
codex	schema	https://www.schemastore.org/codex-skill-metadata.json	200	schema-keys	c54f7554a018c09639d8500cfc9ec494ae70e310b9a464d4cc07a78eefd6c0ff	2026-09-30
continue	changelog	https://github.com/continuedev/continue/releases	200	github-api	04d0468bc54f8318ed1ad69d1cf5c8cba560fa4c4db7726937aa604e7b0cda94	2026-09-30
continue	docs	https://docs.continue.dev/customize/deep-dives/mcp	200	html	9a9eb0b55cc061761f48fb71035ba6d8b3e5527d9394bf18528f306acb804962	2026-09-22
continue	docs	https://docs.continue.dev/customize/deep-dives/rules	200	html	d9c4a571cebdf2e028c6d3e0d279631e1a54e87c7d085e5688c8d7d01f55e737	2026-09-22
continue	docs	https://docs.continue.dev/reference	200	html	a0067dd0c4619606119427464ddfc3c7708814a2d4973e6d8416dacf147cc3a4	2026-09-22
copilot	changelog	https://github.blog/changelog/label/copilot/	200	html	b62498afbdbcfca80db6187e00aaab7875ccbd45d45f405f19af070c0e587388	2026-10-08
copilot	docs	https://code.visualstudio.com/docs/agent-customization/mcp-servers	200	html	f75706abacbfc49c6c5f8b5cedb60901e8f857380c24ad8fd5a90eda40fadc12	2026-10-07
copilot	docs	https://code.visualstudio.com/docs/agents/reference/mcp-configuration	200	html	282fcd2ce15b95aaf84ef5e9f679165ffe0ab4c527eb930f17d1eec3dfe41650	2026-10-07
copilot	docs	https://docs.github.com/en/copilot/concepts/agents/hooks.md	200	markdown-mirror	bfd40aa93ad62133efc17a50f189034f01594dc89a5d31a13a0c541d691acede	2026-09-25
copilot	docs	https://docs.github.com/en/copilot/how-tos/copilot-cli/customize-copilot/add-mcp-servers.md	200	markdown-mirror	8c8370a38ff10f4c80177f5a45faf349fc1956b0aeb12aea7b031b1caecae2bb	2026-10-06
copilot	docs	https://docs.github.com/en/copilot/how-tos/copilot-on-github/customize-copilot/customize-cloud-agent/add-skills.md	200	markdown-mirror	2aa46e4615fc9cdaaae6a70061fd0056719886c4d2a3ead98b5daf5e45e90c91	2026-09-25
copilot	docs	https://docs.github.com/en/copilot/how-tos/copilot-on-github/customize-copilot/customize-cloud-agent/use-hooks.md	200	markdown-mirror	32771aaf4ebf2cb92d19fb184cfe0ea7f9775502e4050a776cd2b9cb7dee0032	2026-10-06
copilot	docs	https://docs.github.com/en/copilot/reference/copilot-cli-reference/cli-config-dir-reference.md	200	markdown-mirror	8e729d408816e47f28772e0c52bf475dd72910f522ce6bc39455ecbf36948a7f	2026-10-08
copilot	docs	https://docs.github.com/en/copilot/reference/custom-agents-configuration.md	200	markdown-mirror	914d2b3aca98f2bc096e477a4acaa19ce26adc7c76542a70e3cea48eb1ba26cc	2026-09-25
copilot	docs	https://docs.github.com/en/copilot/reference/hooks-reference.md	200	markdown-mirror	3b492ffdadfd26817fa507b164c0003100550beb1ae65d2532f86be775dc44ac	2026-10-08
crush	changelog	https://github.com/charmbracelet/crush/releases	200	github-api	34ffafef982f00df4805787a658aa2c5f3412cb223ee8646ce53677734973e15	2026-10-08
crush	docs	https://github.com/charmbracelet/crush	200	raw-github	4a72550d9d6d9b8274f1639ef4fbef3ee14c917b9dec0fad71ca7c3bb5d2cfc6	2026-09-22
crush	docs	https://github.com/charmbracelet/crush/blob/main/docs/hooks/README.md	200	raw-github	0871ecba435c774b38650046a10341cccf07661c78a4bf803ce585c8740f4d38	2026-09-22
crush	schema	https://raw.githubusercontent.com/charmbracelet/crush/main/schema.json	200	schema-keys	308ae8defeb921dcda55cabc280d30243312983e91cc7256fb6002807c788c5f	2026-09-30
cursor	changelog	https://cursor.com/changelog	200	reader-proxy	fbd9c8eab44a6e0061bacb2da5041de6540350f71b70b0ba35c5d2736105f6ba	2026-10-07
cursor	docs	https://cursor.com/docs/bugbot	200	reader-proxy	88aba3fb5654708f900efd5818dd02c715a0e44771aebbd9894438fac5b4c551	2026-10-07
cursor	docs	https://cursor.com/docs/configuration/worktrees	200	reader-proxy	a2f2c3b4212216a33234fe6ccb7fdb5ef3305b38287bb79b3893f244dafda58a	2026-09-29
cursor	docs	https://cursor.com/docs/hooks	200	reader-proxy	edb0d388b7743bf62a49848f8f71b6edcac2c3555996ca8fa64c3838d1d0b544	2026-09-29
cursor	docs	https://cursor.com/docs/mcp	200	reader-proxy	1cd0265281aae01edeadaa048afeee6ebd8c901a85774ed991b2fe43045c37e4	2026-10-06
cursor	docs	https://cursor.com/docs/reference/third-party-hooks.md	200	markdown-mirror	c2d2e67fd529f5d14feaaab22b3662f9eac2d21a4c54846f3e28fca6d63292c6	2026-09-25
cursor	docs	https://cursor.com/docs/rules	200	reader-proxy	e64a74c17252460c9c39aabf936974cbc08106d1df2bee21e1bd9368f27f5a7a	2026-10-07
cursor	docs	https://cursor.com/docs/skills	200	reader-proxy	18e2faf801bfd5bd8c8d8749a37a0e4674bc1d689153788febce667a59ecd5e1	2026-09-29
cursor	docs	https://cursor.com/docs/subagents	200	reader-proxy	d8ae657e429ae5ee983c426d557e5dc49c248549de864bede97394b2f0ca94d3	2026-09-29
cursor	docs	https://cursor.com/help/customization/skills.md	200	markdown-mirror	7d551fc7939d4632228c7f178f89475113a1ad503000f890271ee95a4aee3a49	2026-09-25
cursor	schema	https://cursor.com/schemas/environment.schema.json	200	schema-keys	e57e64bf2d517e0b5811a15752c2dcbfb3f9989044664fb9750639cc805e52d9	2026-09-30
factory	changelog	https://docs.factory.com/changelog/release-notes.md	200	markdown-mirror	6ccc055b94c30c128a23dcf65a14a43d6cb8091a6407b7aeaab536f5b46325be	2026-10-08
factory	docs	https://docs.factory.com/	200	html	640af5233d4818f2bd68dbe238ae6c2872dd2fba0d37691bbcf4adcb88eea0a1	2026-10-04
factory	docs	https://docs.factory.com/autonomy-and-safety/sandbox.md	200	markdown-mirror	fd25fcd53c06a1f64ec4e0d83eb3b97e7d23a17e832a991c59c262b222631c2c	2026-10-04
factory	docs	https://docs.factory.com/droid-cli/settings.md	200	markdown-mirror	26859c1daa003a8aaf0b316f803da90dc77c602edd9fc8d50174f841ac9bd526	2026-10-09
factory	docs	https://docs.factory.com/enterprise/hierarchical-settings-and-org-control.md	200	markdown-mirror	d0d9e4a2478383862a4dc76904397c22658090d72968819932481af7e285bb62	2026-10-09
factory	docs	https://docs.factory.com/enterprise/llm-safety-and-agent-controls.md	200	markdown-mirror	7a8f2ac79d8a32849145483d7666c061922f2c08867067a327b5ec6191fdc37d	2026-10-04
factory	docs	https://docs.factory.com/harness/custom-slash-commands.md	200	markdown-mirror	62cd3f57a6a38b44d240e24cdfd1c5ecfad88d403853b0f52f6987a003de85d8	2026-10-04
factory	docs	https://docs.factory.com/harness/hooks.md	200	markdown-mirror	a315af47cb0a64566568b8049a4d0f659eb68901319d2009e8daa91c060eca46	2026-10-04
factory	docs	https://docs.factory.com/harness/mcp.md	200	markdown-mirror	b6acadae60390aa3b0a56de5db7bfae68ccad10d655e5a7de3dbc234c5503825	2026-10-04
factory	docs	https://docs.factory.com/harness/skills.md	200	markdown-mirror	6a7bcaaf574255d9c86a90a40af896c0f12f42f25591b48513be6a4ca4078c15	2026-10-04
factory	docs	https://docs.factory.com/harness/subagents.md	200	markdown-mirror	9f980d62e1cf9706c09ac8d2d0ba4fc4fef8280128dcc2e4fec4244791893973	2026-10-05
gemini	changelog	https://github.com/google-gemini/gemini-cli/releases	200	github-api	653ecd16365e3e67a0b9c0e64749222b206db625d549ba6773eea7ecb4adfebb	2026-10-08
gemini	code	https://github.com/google-gemini/gemini-cli/blob/main/packages/core/src/agents/agentLoader.ts	200	raw-github	855df1925d43175f719eb5d21d4c7d76842c99216f9b6329a90b030217648198	2026-09-30
gemini	code	https://github.com/google-gemini/gemini-cli/blob/main/packages/core/src/hooks/types.ts	200	raw-github	3d0dce53a6f36e6ca90761d6769c3431e109e12aaa31e9e29ae169faf955bf70	2026-09-30
gemini	docs	https://geminicli.com/docs/cli/custom-commands/	200	html	123f90a573900919ec5d8ec2c194698cc4393ba79b3f7055fe97b5f2eb3df2c7	2026-09-22
gemini	docs	https://geminicli.com/docs/cli/gemini-ignore/	200	html	b3d622a0ccef10ba1b546cf769fe46204223131574a4c1f6f718d313725d2314	2026-09-22
gemini	docs	https://geminicli.com/docs/cli/skills/	200	html	3667820eb0e04c18f458cc7005caed54c98082d4395b39b082f8ce6028c50cbe	2026-09-22
gemini	docs	https://geminicli.com/docs/core/subagents.md	200	markdown-mirror	4b9baa88628b0a2bdaea87dc6b9a5c5dd2d998274ba9a93cc6ed23c53b8ee2db	2026-09-22
gemini	docs	https://geminicli.com/docs/hooks/reference/	200	html	51790ee211df1c1d8efe80b8688b336de19d8ce675360f80640a09d53f87c900	2026-09-22
gemini	docs	https://geminicli.com/docs/reference/configuration	200	html	55122869b1f732ff1f2d8df0bb91107aa6c72e091854d015523b80c8d5e54ccb	2026-09-23
gemini	docs	https://geminicli.com/docs/reference/tools.md	200	markdown-mirror	6b92328b478daae81baa2192d94c0e023fd57a91439f4d6888dcfb3b8c8a673c	2026-09-22
gemini	schema	https://github.com/google-gemini/gemini-cli/blob/main/schemas/settings.schema.json	200	schema-keys	1d204d50b2868ff92438329960cfcbeed7bbc88067376235060e0bdbe531d1bc	2026-10-08
goose	changelog	https://github.com/aaif-goose/goose/releases	200	github-api	a2c88e364e7ed98fa8e32c0e12cb38bdc14e3afe3d431bba9ea9ac7417799061	2026-10-08
goose	docs	https://github.com/aaif-goose/goose/blob/main/documentation/docs/guides/context-engineering/custom-agents.md	200	raw-github	2476673c6e2b11acfe3f95314c942dc2dac67efc79d74861233aeaa18e1b2560	2026-09-22
goose	docs	https://github.com/aaif-goose/goose/blob/main/documentation/docs/guides/context-engineering/hooks.md	200	raw-github	6d9b62f75529f877799e3efae6fd5552605070c18bfc8b1bc32a6ddad940be39	2026-09-22
goose	docs	https://github.com/aaif-goose/goose/blob/main/documentation/docs/guides/context-engineering/plugins.md	200	raw-github	ae9f8ac6449f02169219e0a9f77f77c224d63dcaefc5de64354c4148ed366b01	2026-09-22
goose	docs	https://github.com/aaif-goose/goose/blob/main/documentation/docs/guides/context-engineering/using-goosehints.md	200	raw-github	5b0b1e94c5e8151346d80da3a182d6b24347550d94855de0857e2352da1c4895	2026-09-22
goose	docs	https://github.com/aaif-goose/goose/blob/main/documentation/docs/guides/context-engineering/using-skills.md	200	raw-github	f521f1fedeb5720c3664b064620ea51faa8fa77407f430bef89050eb405b66c3	2026-09-22
jules	changelog	https://jules.google/docs/changelog/	200	html	94ba5b0ded038d5f50a722c7aec178ca276a00e6e16e7bc6900aaed8028051dc	2026-09-22
jules	docs	https://jules.google/docs	200	html	c648501d2a6994eb5a16b74df1505bfd205ede672fa19b94e922135cbc5c4a0e	2026-09-22
junie	changelog	https://junie.jetbrains.com/blog/	200	html	e555774fe7c7860566a7d62f4b15da417d17382ca4aad25fdd5ac09d4003a1d0	2026-10-07
junie	changelog	https://plugins.jetbrains.com/api/plugins/26104/updates?size=20	200	json	3cd33103c6f53cbc2674a0fda9930b90c3d20423a40ac38cd370bd37e94fdc1f	2026-10-08
junie	docs	https://junie.jetbrains.com/docs/action-allowlist-junie-cli.html	200	html	217595614a236656e52be2593b867920f7ad575da71c618f0c8abc89a18af748	2026-09-23
junie	docs	https://junie.jetbrains.com/docs/agent-skills.html	200	html	9b7af260ea22f9a37dd9a08248ad487ae50b239bc7701b9b06461665aa7131b2	2026-09-23
junie	docs	https://junie.jetbrains.com/docs/custom-llm-models.html	200	html	d2d055aca0b3c8fb1cea4ed3531dc09973aaa469e586fb68f74cf28a72529958	2026-09-30
junie	docs	https://junie.jetbrains.com/docs/custom-slash-commands.html	200	html	8b8fb5b7f2ef20436ee4af190ac933a70be787e296a168ab39551f285bcf90fa	2026-09-23
junie	docs	https://junie.jetbrains.com/docs/environment-variables.html	200	html	b6e8e6148b6649183cff9d130e9eb658b634ba4b43aa3706930cb17b4a8720d4	2026-09-23
junie	docs	https://junie.jetbrains.com/docs/guidelines-and-memory.html	200	html	caff788199d960933e43e03772a9ce014fb577ec2f9a94a40646248379f8a585	2026-09-23
junie	docs	https://junie.jetbrains.com/docs/junie-cli-configuration.html	200	html	4bb23e839bcac9f9e13f921189b8b89a0c4b8a6f86b73727eb9a1d413d50a9f8	2026-09-23
junie	docs	https://junie.jetbrains.com/docs/junie-cli-demo.html	200	html	6e8faf65a47494f403e1214a599a7b224b37c6ea6c3d34ec765e16b3c2e65e41	2026-09-30
junie	docs	https://junie.jetbrains.com/docs/junie-cli-extensions.html	200	html	9919b2a8822fab898bce884cbc4b7fffa053b2b0a7e0259aba969294ff147208	2026-10-08
junie	docs	https://junie.jetbrains.com/docs/junie-cli-hooks.html	200	html	a51e00a2fca105b9d5cfe7a0a71236d7d75e48c17a9624a02d70ef658c7d99b4	2026-09-23
junie	docs	https://junie.jetbrains.com/docs/junie-cli-mcp-configuration.html	200	html	c822a68ee483c84ee06d37e8fe26198139e4adaa1837c3a6a06a94e1562cf2b7	2026-09-23
junie	docs	https://junie.jetbrains.com/docs/junie-cli-subagents.html	200	html	35e248628d1bc6991f3aa504e844b8a8a9256ddf627d500f1ec48b42cea2638c	2026-09-23
junie	docs	https://junie.jetbrains.com/docs/junie-ide-plugin.html	200	html	449e8eb6fd90e5d927a05ac44bc01b614723cc005ed158b3943c245510668e40	2026-09-23
junie	docs	https://junie.jetbrains.com/docs/junie-review-agent.html	200	html	6ad5fe3a2427a00f2b969883c167580cc2b906dbac7d0b533a4f26971ac6af41	2026-09-23
junie	docs	https://junie.jetbrains.com/docs/starting-page-get-started-with-junie.json	200	json	1d42da67ad9bb962ea8f6262b2ac744f89fcc5b9a973ad394d0cc982321cbcf3	2026-09-22
kilo	changelog	https://github.com/Kilo-Org/kilocode/releases	200	github-api	dc8f87df9f14ac2aa4dcc50dc5380a21bf0c6649f2d0fc323a8cc6469a3cb0b2	2026-10-08
kilo	docs	https://kilo.ai/docs	200	html	1d0d9de8535e3bf6be2bab5b82acbc607380a965468dc4c6ce700cb655072424	2026-09-22
kilo	docs	https://kilo.ai/docs/automate/tools	200	html	b0c5f7d2b31f63620125a542ab67b755486c10f5e946ce2975346ade397ca66b	2026-09-22
kilo	docs	https://kilo.ai/docs/code-with-ai/agents/goals	200	html	42bc35ddd02a4511c40b7a4c56880b322fc3b447bc4683a7bf747b23dde64b00	2026-10-08
kilo	docs	https://kilo.ai/docs/customize/agent-permissions	200	html	4a7fb9de49b67a7ff393697ebb349cbc3ae4f6f0b2829619f9c6c2ea6e0de379	2026-09-22
kilo	docs	https://kilo.ai/docs/customize/agents-md	200	html	688089d097fe5a115c98dcb452153d169a53cff55eeadbca0191093744687820	2026-09-22
kilo	docs	https://kilo.ai/docs/customize/custom-rules	200	html	8a0b79959e9e92d1085430a7ab9212611db83deaf3ca0d7530a10e938f154df7	2026-09-22
kilo	docs	https://kilo.ai/docs/customize/custom-subagents	200	html	26ae84fff5daad886b46d12e2b87047aac11f8c223b722f51d827e11a48d11a3	2026-09-22
kilo	docs	https://kilo.ai/docs/customize/skills	200	html	cdc320d1955a1b11f32807b13ca70e39cfe68517d249147096bd6b7e095a5e47	2026-09-23
kilo	docs	https://kilo.ai/docs/getting-started/settings/auto-approving-actions	200	html	3d660caed47c7252466c544bcec647c9e1b470d71a56bfea50f9bf9e11208568	2026-09-22
kilo	schema	https://app.kilo.ai/config.json	200	schema-keys	3769296995eb87ead3c969a636822fcd5dd8477d5481318c68c2c8bc61398c0f	2026-10-06
kiro	changelog	https://kiro.dev/changelog/	200	reader-proxy	363881d7aa65d7b3e130c3b9cea8854d5a91df31ca824f6f113a11f2bd813c29	2026-10-08
kiro	docs	https://kiro.dev/docs/cli/chat/manage-prompts.md	200	markdown-mirror	c1709a715b4d13a98012d3ed57a23d5bcdeca460502ce93d48f2ae9973e9de0e	2026-10-04
kiro	docs	https://kiro.dev/docs/cli/v3/hooks-migration.md	200	markdown-mirror	47257b52caedeec916a92a82c7c3e20a22889b37c47c4688dfb989f70370f13f	2026-09-25
kiro	docs	https://kiro.dev/docs/custom-agents.md	200	markdown-mirror	4901ef1d9bb61a831849697619ca484a4b0517ac23ea3afd94de5fd399799400	2026-09-25
kiro	docs	https://kiro.dev/docs/custom-agents/configuration-reference.md	200	markdown-mirror	f103f560ddecfafbb98a01ffc2c92b384e78a8ae0254aff3d5630ce8a8edc347	2026-10-02
kiro	docs	https://kiro.dev/docs/hooks.md	200	markdown-mirror	3a9b32842c5b4ede401320283f5608ee6b99afc64ac8f1049e9cfcdae77e92b0	2026-09-30
kiro	docs	https://kiro.dev/docs/hooks/actions.md	200	markdown-mirror	965f9795d94c255ba8e59b9f06f6db7c3eabf1038d31313c9bd25b7a0ea146ef	2026-09-25
kiro	docs	https://kiro.dev/docs/hooks/types.md	200	markdown-mirror	c9513418c6a104ff05b5388ae1cfaba145def4d092342fb2f9b9cd06b07edb6f	2026-09-30
kiro	docs	https://kiro.dev/docs/kiroignore.md	200	markdown-mirror	7fdc566e0608e048cc7e34c66c0cb66b065b9c3d90c1c922e65967c04ef8ea86	2026-09-30
kiro	docs	https://kiro.dev/docs/mcp.md	200	markdown-mirror	e8ea84644342a7c82f9b51f930ed01dca89ee4d5b194a5f03840f8cd736c3638	2026-10-03
kiro	docs	https://kiro.dev/docs/mcp/configuration.md	200	markdown-mirror	43445637b7f83a91e9f90c7a6bcbbb2903eb1d09f8fc914561768c134a0bfc6b	2026-10-07
kiro	docs	https://kiro.dev/docs/powers.md	200	markdown-mirror	a615169bda7e9badccbfea78a01f03f795699b813c3d41f4b85143863ba990c4	2026-10-09
kiro	docs	https://kiro.dev/docs/powers/installation.md	200	markdown-mirror	bc80c474c62a2b96ec82fe2dbfd86eabdfdec3a3491760e9d3ede37272a533ce	2026-09-30
kiro	docs	https://kiro.dev/docs/skills.md	200	markdown-mirror	bc946aad45800e32249d13551849cb47b8dc81a72c4c7a296b1762d432d262ef	2026-10-03
kiro	docs	https://kiro.dev/docs/steering.md	200	markdown-mirror	728eeb2cad4b868a81e5acf79819953bf5d3d8cfb6a622a19af6ab32bc955cf1	2026-10-06
kiro	docs	https://kiro.dev/docs/tools.md	200	markdown-mirror	ab03acfa8b09d3ef44456b97d27f4f9d4cb11ced4a82cd549e739c20a99e5be2	2026-10-02
kiro	docs	https://kiro.dev/docs/workflows.md	200	markdown-mirror	1f8e1e37761f7b305ba3c340a9459fd12766111cfa52308938eb6c86d8688b65	2026-10-02
kiro	docs	https://kiro.dev/docs/workflows/authoring.md	200	markdown-mirror	babc841792d257054790c5b454caa1b254ea16df8f13c52daa1099276e73c4c5	2026-10-02
opencode	changelog	https://github.com/anomalyco/opencode/releases	200	github-api	85963987112cc2d15f900aa7cc9aa044ac8f7e09c4ee32b0a60c69d5578fcb76	2026-10-07
opencode	docs	https://opencode.ai/docs/agents.md	200	markdown-mirror	7b7dfc8ca2fc363358d6c6f4625bc13d8386942f9b64b0fcaa711a5aeee56074	2026-09-25
opencode	docs	https://opencode.ai/docs/commands.md	200	markdown-mirror	7a1db15a20488c4c1813e135962480978788bf0509d866346d2e3cdde8a850e1	2026-09-25
opencode	docs	https://opencode.ai/docs/mcp-servers.md	200	markdown-mirror	a8c9af4721d0553baa517c4fbd3f064fceadc18bf37bf2def649b5ace3d89d6c	2026-09-25
opencode	docs	https://opencode.ai/docs/permissions.md	200	markdown-mirror	f159e9dbcd2a66114e444ff85883f84d2393b3fdc16f88554e4149173e68146d	2026-09-25
opencode	docs	https://opencode.ai/docs/plugins.md	200	markdown-mirror	ab99892a03931c7d7cb36f93beba067346492cb9adae0f263fb6ac83f83391bb	2026-09-25
opencode	docs	https://opencode.ai/docs/policies.md	200	markdown-mirror	5738f4681d9a225ffedc1f22887522e63339d8df02995cccc31bca5f197151cd	2026-09-25
opencode	docs	https://opencode.ai/docs/rules.md	200	markdown-mirror	dfb242d9a8c0cfb1c97cee74a895b56ba72cba64b558200f06eede4f5f93cb54	2026-09-25
opencode	docs	https://opencode.ai/docs/skills.md	200	markdown-mirror	0cc6d2ebeece718df41fdec0164d406b1fa9bd60fd5b46c94fc0fab63ddd5b93	2026-09-25
opencode	schema	https://opencode.ai/config.json	200	schema-keys	35011de701b68b17ad3b9983f6a67ca30cae517501cf724a049fc551a8a19539	2026-09-30
openhands	changelog	https://github.com/OpenHands/OpenHands/releases	200	github-api	cc5f53fc41c414c9026f1b7164b716dec9d2b5504ff3e95271eabe3a982e58dd	2026-10-09
openhands	docs	https://docs.openhands.dev/openhands/usage/customization/hooks	200	html	67589787235eec74934720bff0a2a2ec236cc0c5640ff6831c535f6161a73c69	2026-10-06
openhands	docs	https://docs.openhands.dev/openhands/usage/customization/repository	200	html	b9fbfa6160a098d027af76c3cb5de5ea6dd2f2c57ef63e807a85be6acebc78d5	2026-10-06
openhands	docs	https://docs.openhands.dev/openhands/usage/settings/mcp-settings	200	html	af68a762c74a00ffe8963a46e60b28377e4c32098ee55b1166e738a87e4ef277	2026-10-06
openhands	docs	https://docs.openhands.dev/overview/skills	200	html	34a4bfadff46f7d80d0ba9cc961b25d1709173fa83112eb7be0d2785e50638d2	2026-10-06
openhands	docs	https://docs.openhands.dev/overview/skills/path	200	html	73a9fbc3a58ad7cbb3cd7bdd68903ef48f1bb8beb74672478cb482988dee8002	2026-10-06
openhands	docs	https://docs.openhands.dev/sdk/guides/agent-file-based	200	html	2f7922b767c531d38a162a620e89f200a66ce45107b404e78cb41eefd616d55a	2026-10-06
qoder	changelog	https://docs.qoder.com/release-notes/desktop.md	200	markdown-mirror	990156da62484f20a943b4036dac23a8f206d7e406c8ba2a606da57a7b169d53	2026-10-08
qoder	changelog	https://docs.qoder.com/release-notes/qoder-cli.md	200	markdown-mirror	4da46415e732dd4e0b3986a977be111ca206f78ce127eb897d7b2225ff8bb18d	2026-10-09
qoder	docs	https://docs.qoder.com/cli/commands.md	200	markdown-mirror	05f8f47cf709adc33f9d8c90e665213e471371249d5410eab0d3512fb6531239	2026-09-25
qoder	docs	https://docs.qoder.com/cli/config-scope.md	200	markdown-mirror	d3bce256c0fcfdeafc269d8bbf756ac25a3693020227af095094f046368abb2f	2026-09-25
qoder	docs	https://docs.qoder.com/cli/hooks-reference.md	200	markdown-mirror	695e7fdbc3f17f14181863dcec7149137e3d5991b48e6fc8453e7b767c4b7633	2026-09-25
qoder	docs	https://docs.qoder.com/cli/hooks.md	200	markdown-mirror	b00e26a5d61b1ca9cdf47b424d4195eff4a2c485512ee21a3dd69d9ded4601ad	2026-09-25
qoder	docs	https://docs.qoder.com/cli/mcp-reference.md	200	markdown-mirror	ff26657612d23c76d0dd566997f679d4145efb37882284e11eea681db4a5db03	2026-09-25
qoder	docs	https://docs.qoder.com/cli/mcp-servers.md	200	markdown-mirror	8ac88edde9d105c30136c87c030dda117a62d1fd5978fd22613124dea7535cf2	2026-09-25
qoder	docs	https://docs.qoder.com/cli/memory.md	200	markdown-mirror	6698230aca88f8f7bf0bba8dc6d66c141b50ce9168ae1a10db2c81a90b82f526	2026-09-25
qoder	docs	https://docs.qoder.com/cli/permissions.md	200	markdown-mirror	6f483f3ae5c8d2a6cd704e04137516b74cea4bb717f1dac05738ae57f381bba9	2026-09-25
qoder	docs	https://docs.qoder.com/cli/settings-reference.md	200	markdown-mirror	ad3b59ab957bf799e2d0013ac1d135413b61e1adc704f176ac64f320d034c9d4	2026-09-25
qoder	docs	https://docs.qoder.com/cli/settings.md	200	markdown-mirror	9f643742b6f619e2dad9a177a1668d461359598b2aa143b4e067a77321158f4f	2026-09-25
qoder	docs	https://docs.qoder.com/cli/Skills.md	200	markdown-mirror	c40f99c6382f998547c18783a4ffd7cb22740d6340b936ed8dd484f2dd07b237	2026-09-25
qoder	docs	https://docs.qoder.com/cli/subagent.md	200	markdown-mirror	bf536a0db661663ce4c75fae1fb82a3cb380679af03b85328a15e5188b782368	2026-09-25
qoder	docs	https://docs.qoder.com/extensions/skills.md	200	markdown-mirror	2c1471069017c0ec4f3e499f8d270fe8b65c413579c547213b0c91ffee09bb0f	2026-09-25
qoder	docs	https://docs.qoder.com/extensions/subagent.md	200	markdown-mirror	fbb291b96ac225dfe34fda3116a3877ae37f452586a39ba763ddf3bee272399e	2026-09-25
qoder	docs	https://docs.qoder.com/user-guide/chat/model-context-protocol.md	200	markdown-mirror	2bb118fa58debed920eb46a0e4efefe19702f6f9dda7f37a294ff50d3f0992cf	2026-09-25
qoder	docs	https://docs.qoder.com/user-guide/commands.md	200	markdown-mirror	4dc0b6b7f45bebbc0004c542da409a78c76179d0c77a0d8532e53f42f61fc0bf	2026-09-25
qoder	docs	https://docs.qoder.com/user-guide/rules.md	200	markdown-mirror	4df775be049af460957dc18aa8978673cff96f28db6755c7e234fab723e29fc7	2026-09-25
trae	changelog	https://docs.trae.ai/ide/changelog	200	router-data	d1b2c14a889ae7cee93475ea9f3da4fc4ab6a677d790cbb9275d0498d00dd8e1	2026-09-23
trae	changelog	https://www.trae.ai/api/changelog	200	json	db52938b565f9ec0e435d6243c2084309d2911248e16ff9939fadefd8bc5aff0	2026-09-22
trae	docs	https://docs.trae.ai/ide/add-mcp-servers	200	router-data	4f5ee8611aba0d8dedd8eb87e87db67906b9b83d8c85ae16e612477527d1eff5	2026-10-09
trae	docs	https://docs.trae.ai/ide/automate-actions-with-hooks	200	router-data	e673996179fb12235679910ea9990b4b30f1fca5835bdc5b3a3a9a1ff1fdf252	2026-09-23
trae	docs	https://docs.trae.ai/ide/hook-configuration-reference	200	router-data	fa8beaa2490621c35bda8a63b2e3e8b23053cac356dbf8d19945005d56e4fbf2	2026-09-23
trae	docs	https://docs.trae.ai/ide/ignore-files	200	router-data	fff9f6e777e4cbb1ce0b0922d3ca4458da8c1e29c3831669931db4500826cdf1	2026-09-23
trae	docs	https://docs.trae.ai/ide/model-context-protocol	200	router-data	d20a350b162d804e6bb14fc489385607848714fc3e680e6d738701b4fffeb480	2026-09-23
trae	docs	https://docs.trae.ai/ide/rules	200	router-data	87e2b2512ca3da193f77e9390b060ee5f649e32a26f009b7d36f64dde6e831bd	2026-10-09
trae	docs	https://docs.trae.ai/ide/skills	200	router-data	6d0c01d2479e59a3566ea5eef4b48be8cc9c68a2ecc745cfea2dfa4d2004c477	2026-10-09
trae	docs	https://docs.trae.ai/ide/slash-commands	200	router-data	57c05cd66a03ccfa831e3b252d32755d77c51d03a1ec6c4f0741d76a1ef6c806	2026-10-09
trae	docs	https://docs.trae.ai/ide/subagents	200	router-data	6167b42483564c74066c2e4584829c377036b29551aee3c1f1637ef168479c46	2026-09-23
warp	changelog	https://docs.warp.dev/changelog.md	200	markdown-mirror	0f93b856e6d112f2360b7ae515e8c26949cdfff20d90f8157d66b0e5a8178ac2	2026-09-25
warp	changelog	https://docs.warp.dev/changelog/2026.md	200	markdown-mirror	ab1d9f7cf7bdfeda38b41cb462b9d221b9d11f4bc4a8b6e9a24dc58a48b9494b	2026-10-09
warp	docs	https://docs.warp.dev/agents/capabilities/mcp.md	200	markdown-mirror	1b80d80fc6719491bf65a06cda1d9b03105c48cad926a330b36e1fa2997fb1bb	2026-10-09
warp	docs	https://docs.warp.dev/agents/capabilities/skills.md	200	markdown-mirror	5fd081c21e5feb387fc0949d836790e214d6105c88442b603378d7b49ab6c41d	2026-10-06
warp	docs	https://docs.warp.dev/terminal/entry/yaml-workflows.md	200	markdown-mirror	efc44d787a0a10851472deff769bcdb49a4cc6247aeaf575185b70e3de46a259	2026-10-08
warp	schema	https://www.schemastore.org/warp-workflows.json	200	schema-keys	769d2ec471bd8bd45a678743af5c13f4b0ef82960a559a5acdfe095e5b7fcb68	2026-09-30
windsurf	changelog	https://docs.devin.ai/cli/changelog/stable.md	200	markdown-mirror	db37b8f3cfd2268f22c7e9432824f0881a80e00b31b0afa1cda3c0b6a4c7b562	2026-10-02
windsurf	changelog	https://docs.devin.ai/desktop/changelog.md	200	markdown-mirror	146dc0647b0ca9347a8291f8cb06b655e707a74ce1d00139f218feb8afb75668	2026-10-02
windsurf	docs	https://docs.devin.ai/cli/extensibility/hooks/overview.md	200	markdown-mirror	ce665feb270c3c7cffbde0e191f8042ff6f52b3283b00dcad2504dcb7695bafc	2026-10-02
windsurf	docs	https://docs.devin.ai/cli/extensibility/mcp/configuration.md	200	markdown-mirror	8ad5555c7a91d5912aa22e01b64f1783c49626edb59d6687fae8b2db638d1048	2026-10-02
windsurf	docs	https://docs.devin.ai/cli/extensibility/rules.md	200	markdown-mirror	437a8cded7f56b59c6dd46797a1d02312f79da9aae83828bc401fab88d1e9ea6	2026-10-02
windsurf	docs	https://docs.devin.ai/cli/extensibility/skills/creating-skills.md	200	markdown-mirror	4f3f4c1c4e48e89af9487ce3a9f195775793c0b11bda0947adcfc7aa69a13b0a	2026-10-02
windsurf	docs	https://docs.devin.ai/cli/extensibility/skills/overview.md	200	markdown-mirror	ee38b57477a2daa0852f4263301c1a5ee9d8a094d17b2f3d085b51c0848586f2	2026-10-02
windsurf	docs	https://docs.devin.ai/cli/reference/permissions.md	200	markdown-mirror	7c614fb364cf6c51090481aab71895ded7ce20c9a249bd15c8bce9a50d4d533a	2026-10-02
windsurf	docs	https://docs.devin.ai/cli/subagents.md	200	markdown-mirror	eecfc36fb6a31a008c969baec1081e5dcf4778570c6ed30cfd2a5922fab6428e	2026-10-08
windsurf	docs	https://docs.devin.ai/desktop/cascade/agents-md.md	200	markdown-mirror	3962b1af7691f39338ded81c63b2b8f4135f11c80ab8839002b8179e61d10b41	2026-10-02
windsurf	docs	https://docs.devin.ai/desktop/cascade/mcp.md	200	markdown-mirror	5ca0a8be80d5997e706a8b740c846273ddf638e69769dda34f2aaf14f110cf73	2026-10-02
windsurf	docs	https://docs.devin.ai/desktop/cascade/memories.md	200	markdown-mirror	b1b3104203f14a11e530f0506cc43c750bb2e7ae60f45558469c665381cade4b	2026-10-02
windsurf	docs	https://docs.devin.ai/desktop/cascade/skills.md	200	markdown-mirror	d852c7e937fab239c90d1ebc375bc1e9a5e130e3429744151fce241f2d2b9dfa	2026-10-02
windsurf	docs	https://docs.devin.ai/desktop/cascade/workflows.md	200	markdown-mirror	7e2d7601d0b4031742c6df212bd82e82ff36a4460536c3ac36d074c5f502a952	2026-10-02
windsurf	docs	https://docs.devin.ai/desktop/context-awareness/devin-ignore.md	200	markdown-mirror	bad2f8e5514b126d17f2d953fbdbfe940d7d34195df6510b800f2d7009b602fb	2026-10-02
windsurf	docs	https://docs.devin.ai/desktop/devin-local.md	200	markdown-mirror	d762c47f6e71c993d9e199834b912064324d92a66c55c4b1ddeb2a8b2a9c03c0	2026-10-02
zed	changelog	https://zed.dev/releases	200	html	c277519a899d2ae3143cca516bf0d910b25ae7df4981ac906f3ef4c3d2e46f5c	2026-10-07
zed	docs	https://zed.dev/docs/ai/instructions	200	html	a52d64173b8e7872cc7c1cb09d101f30ceb532c6f4a50693c001b885a27bbf1f	2026-09-22
zed	docs	https://zed.dev/docs/ai/mcp	200	html	959546ac9fb815465af55cce0f84cfe480a24f6738478df2aab35e778acc4cc6	2026-09-22
zed	docs	https://zed.dev/docs/ai/skills	200	html	889151a10465b93ed61ece711ac60c3db3ce4f049a447ecb10f7267b3feb3461	2026-09-22
zed	docs	https://zed.dev/docs/tasks	200	html	a8a313b40ac6abbc412aa5ab9d9f2f7e2ef11167b7516aedc984875dac49f403	2026-09-22
