# target-audit sources lock. Written by scripts/docfetch.sh --update. Do not hand-edit rows.
# target	kind	url	http	mode	sha256	changed
aider	changelog	https://aider.chat/HISTORY.html	200	html	91042d2ce336940a5ab9a1433344ce9a6c7bc3b78f2dc151931081b0345d0f46	2026-09-22
aider	docs	https://aider.chat/docs/config/aider_conf.html	200	html	f488cea89a8f3a92872ab4e45ca7e9e0948c5cde030c6544155c2ba2e0b262f9	2026-09-22
aider	docs	https://aider.chat/docs/usage/conventions.html	200	html	e9ed10235101026ebad18053d21797ce457a554bc5b4fb583ae78b215622f411	2026-09-22
amp	changelog	https://ampcode.com/chronicle	200	html	8a186dc21d64bb60ec8a610afd65626fa79c690d72db91687bc5c83d465d8cd7	2026-09-30
amp	docs	https://ampcode.com/docs/cli/settings	200	html	f0ae926b82945e5a62cadf2673b1e5ea76d6def268e22fca3de387e397c44565	2026-09-30
amp	docs	https://ampcode.com/docs/customize/agents-md	200	html	44f27714b9778574b8fc354fdd9625646de050c97f62f1a3c1b506dbdfb8e566	2026-09-25
amp	docs	https://ampcode.com/docs/customize/global-plugins-and-skills	200	html	f23edbf138e301aaf4efae98c3a6d5dabdd7e470f973ec8d20d967bc383def0e	2026-09-24
amp	docs	https://ampcode.com/docs/customize/mcp	200	html	9830c23015ae5e8e627b703a0329de648994c3ccf3b58bbfd6c9f1d58e01d4d6	2026-09-29
amp	docs	https://ampcode.com/docs/customize/plugins	200	html	f5184fb255cf7b03dfab79a40d9ef45995fea068afda7dc923b1eec3b86639e2	2026-09-30
amp	docs	https://ampcode.com/docs/customize/skills	200	html	3a0ba9f2d42ed6b35a66d7ca5dab8e382a55bbe1a7b06cf23cf53b4fef54f47c	2026-09-28
amp	docs	https://ampcode.com/docs/orbs/customizing	200	html	ec09829a7c619fec597706c5516d52272c43b23a13f41dda301700747b1639ba	2026-10-01
amp	docs	https://ampcode.com/docs/orbs/portals	200	html	cb58166646d093e16e080027519c47de597d24a0776b4e591bd8a38c76232fee	2026-09-24
amp	docs	https://ampcode.com/docs/the-dial	200	html	2f38e94e1f0d238a625244dcbda2c53daee99efc3edae7cc9e1fcdaeee7f348f	2026-10-01
amp	docs	https://ampcode.com/docs/tools	200	html	081e20c17a6021991c642755ab3f133446eac08f31f30458b3afad8ae6c9781b	2026-09-28
amp	docs	https://ampcode.com/llms.txt	200	text	e2c939dbdc8b9aec3919ea10c8637d7352a8aa45fb8b317ff3336a3af1fe9f9b	2026-09-25
amp	schema	https://ampcode.com/cli-settings.schema.json	200	schema-keys	2280837ae5d21ff966c5f5e935c4840e140dc3a3837af02ede2717c42fb1c72e	2026-09-30
antigravity	changelog	https://antigravity.google/changelog	200	meta-refresh	316096ab1fadfe58db9b18e3eb735d21134970ab56a12928cb0aa81982397452	2026-10-01
antigravity	docs	https://antigravity.google/docs/hooks?tab=ide	200	html	6345acd75a0c22fc0351e1a19a0de9373f719cb4d6cb3bf940396319d4978b3f	2026-10-01
antigravity	docs	https://antigravity.google/docs/ide/workflows	200	html	7fdc6b977c285dab8b96c3ac136e7ae5d6842743748423d7f5b1d42d6c06b329	2026-10-01
antigravity	docs	https://antigravity.google/docs/mcp?tab=ide	200	html	c20cf290d277de824ee123304b40d3180716ba3ec755b07ab4fcb609294998b8	2026-10-01
antigravity	docs	https://antigravity.google/docs/plugins	200	html	d492f7cb28640bb7b5ffaffedd6063f64905bfb65769b5c78182eeece630471c	2026-10-01
antigravity	docs	https://antigravity.google/docs/rules	200	html	b10461d5dbc639f75236f4f26f3d9e6a5ac70f842bbb9eb39a95e809fdb9835a	2026-10-01
antigravity	docs	https://antigravity.google/docs/skills?tab=ide	200	html	0ce78e8fde25972a85f98a5b8b37b9181c4012876105ad77eba3b68bfbdbbdba	2026-10-01
antigravity	docs	https://antigravity.google/docs/slash-commands	200	html	043372f5cf2487765e5a1c5bbe1f8165f4656326c59c61bf0dad3efb57ba7784	2026-10-01
antigravity	docs	https://antigravity.google/docs/subagents	200	html	1035dbb5bf1f08dc21caf66ba3b45c079afcce7fbe2ace61d0db7668e7442e92	2026-10-01
antigravity	docs	https://codelabs.developers.google.com/getting-started-with-antigravity-skills	200	html	9f3d51c635e862b358e235e6a99b3fa284f3d758d258612ddc3a68c2e65b9c16	2026-09-22
augment	changelog	https://www.augmentcode.com/changelog	200	html	34a11f202d90edbe449f042e508beb195bd7dc1684911a40870048cc4ac0a205	2026-10-01
augment	docs	https://docs.augmentcode.com/cli/config.md	200	markdown-mirror	1b929449e7bed07830f31d54b1f3dbf6f663dffa14ef9b9c0f21d5827c642365	2026-09-25
augment	docs	https://docs.augmentcode.com/cli/custom-commands.md	200	markdown-mirror	2add7bc83f3ec62f20c470f5537776e01b25a01c77ece8b162351a93bc1710b6	2026-09-29
augment	docs	https://docs.augmentcode.com/cli/hooks.md	200	markdown-mirror	e500823be8303717020c1823f670e06d100108f6e3ac4b8d12a46d91fd1898fa	2026-09-29
augment	docs	https://docs.augmentcode.com/cli/integrations.md	200	markdown-mirror	979bf699ef39674075d96ca400fd97dd577800ad881740636c9c8fb08c5b417f	2026-09-25
augment	docs	https://docs.augmentcode.com/cli/permissions.md	200	markdown-mirror	18e0c17275144a5f3428dc9cbf0f0b9961d7a76eb6d374fcce95fc9b5e1122be	2026-09-29
augment	docs	https://docs.augmentcode.com/cli/rules.md	200	markdown-mirror	07b59c664cb20f4d0a9cebcd068fd972c8a446cfc8c5d98cdefe6e7df2937d7e	2026-09-29
augment	docs	https://docs.augmentcode.com/cli/skills.md	200	markdown-mirror	bfbf668671ec0bdfd6f1c1857f8ab15d08aad4740657698b118a1c3d804dfe77	2026-09-29
augment	docs	https://docs.augmentcode.com/cli/subagents.md	200	markdown-mirror	b5a81c42a97ff2257d6daae531a3033a2faf38fbe429c7c9ddd00540ff15a222	2026-09-29
augment	docs	https://docs.augmentcode.com/setup-augment/guidelines.md	200	markdown-mirror	98897bbb78605588ade95a57e43d210ffbeebc200387a6c7de81ea022e1d2a16	2026-09-29
claude	changelog	https://github.com/anthropics/claude-code/blob/main/CHANGELOG.md	200	raw-github	da05018aedf08212a86cb8c26aa88fa9676fbc3bda86ece9687c4c222bdcf6cc	2026-09-30
claude	docs	https://code.claude.com/docs/en/desktop	200	html	b2898d99663993f657f8584648fc1647b988ed680af4859507179611e1f294e4	2026-10-01
claude	docs	https://code.claude.com/docs/en/hooks	200	html	743cf3d3bc2107da24bbed938baea8af935674d1c299ae9750d88d657db764e7	2026-10-01
claude	docs	https://code.claude.com/docs/en/mcp	200	html	4fbff49cea1cf414cd308a9fac938fee35d72d601a4e518eb6fdef0f97891d62	2026-10-01
claude	docs	https://code.claude.com/docs/en/memory	200	html	dbd111e0714f1ff25ee1015125f8633feeeb93672fc8515f2cd71f2a2f76ae13	2026-09-30
claude	docs	https://code.claude.com/docs/en/settings	200	html	701d580dc863dabf29cd884b9a8fdf8c5a00fbb2c07781fcacfd33f3c2ecdd13	2026-09-30
claude	docs	https://code.claude.com/docs/en/settings-reference	200	html	5ba016b470544d05b86dbcea34b1f1fb0fec2db47d3f7831fa7ccf62b5c5010e	2026-10-01
claude	docs	https://code.claude.com/docs/en/skills	200	html	7c1a4bc33b851a6d42400314655c9e877ee18147ed6c01e840e01c5c5ae947d8	2026-09-30
claude	docs	https://code.claude.com/docs/en/sub-agents	200	html	6a5063598365e1a7d5b6a1a302e6cd14421b353687817e56e12b3ab865788d43	2026-09-30
claude	schema	https://www.schemastore.org/claude-code-launch.json	200	schema-keys	98ec297b1920aef478914155baf62cd23c81087832505e4077759f8cd0c50f16	2026-09-30
claude	schema	https://www.schemastore.org/claude-code-settings.json	200	schema-keys	b71fab659a910b21d8bf7b6c29b7d18143772a5ecb70cc771df57c98eda6b6c9	2026-09-30
cline	changelog	https://github.com/cline/cline/releases	200	github-api	558379c44dd40798f4aeeab5ba016ad01a876ff6fcaaa9a9203e55441a38a0ef	2026-10-01
cline	docs	https://docs.cline.bot/customization/cline-rules.md	200	markdown-mirror	c210e26b1424aed6db8119ea9a6a0c54bbb3ba5daf2712e360586e64f9fc73b5	2026-09-29
cline	docs	https://docs.cline.bot/customization/skills.md	200	markdown-mirror	3ee27dba2e3e81a0eb077c02d8cf3ad4b0d74c6c61d83e6f879ecaa31b3f85e1	2026-09-29
cline	docs	https://docs.cline.bot/getting-started/config.md	200	markdown-mirror	13f098094c4ac523dbdeab60b258c3e5f90ad22d2c0d563446548eae44372d75	2026-09-29
codex	changelog	https://github.com/openai/codex/releases	200	github-api	d528a8f919dd1ce9958a4976df2acc93c5476dae437fa3682d1a345b7a6a5f8b	2026-10-01
codex	changelog	https://learn.chatgpt.com/docs/changelog	200	html	21496346b1d8a2de997f7d874563abb020cd194effea9bab6dce720f68a11473	2026-10-01
codex	code	https://github.com/openai/codex/blob/main/codex-rs/core/src/agents_md.rs	200	raw-github	97427a870741b904a3f3c143f5990eaaa65b5bfa99ddac1808b2980052b5fc78	2026-09-30
codex	code	https://github.com/openai/codex/blob/main/codex-rs/hooks/src/events/mod.rs	200	raw-github	215121424f62569df3ec920b22a059d1620edf47e1618bdebc4fb23ee6aed5ae	2026-09-30
codex	docs	https://learn.chatgpt.com/docs/agent-configuration/agents-md.md	200	markdown-mirror	9d1f87a2d1cb55b4782b95abe710692b35b9659789c2db31a22c7074a3383e8e	2026-09-25
codex	docs	https://learn.chatgpt.com/docs/agent-configuration/rules.md	200	markdown-mirror	4ecdfe26ece03895220808a7aa4f05c91d837492300262baf5a5df35c3f44ce7	2026-09-30
codex	docs	https://learn.chatgpt.com/docs/agent-configuration/subagents.md	200	markdown-mirror	c5ef4eda3d9f876c8f35c697e720a3e7c760b5cf8c4943c97e82d1d8fe1b0054	2026-09-30
codex	docs	https://learn.chatgpt.com/docs/build-skills.md	200	markdown-mirror	d15791562748e64a53dfec534b8558aa522e732cec0fdedcf7257fa4ef486a20	2026-09-25
codex	docs	https://learn.chatgpt.com/docs/config-file/config-reference.md	200	markdown-mirror	73242945d7891bc09bf95a39d83117025abd8eca61ae5707db38fda40db16d62	2026-09-30
codex	docs	https://learn.chatgpt.com/docs/custom-prompts.md	200	markdown-mirror	d6f7cf8dd9f31d2faf5604ef3a6f8322132a7b66fa50823109cb681e372a0fa9	2026-09-25
codex	docs	https://learn.chatgpt.com/docs/hooks.md	200	markdown-mirror	724881d81f1a9fdb35ea42d4851a11b1f6606bbc6e9d2d05c1e8c466fc25c630	2026-09-30
codex	docs	https://learn.chatgpt.com/docs/permissions.md	200	markdown-mirror	efd27769ace3daafef5be62e1f3d605fd918baeafe0fa0e77466a619c206250f	2026-09-30
codex	schema	https://developers.openai.com/codex/config-schema.json	200	schema-keys	7469bd4ca7daf78a6c6e527926916adb6613a28dee694e8f9b36e6957fbacb39	2026-09-30
codex	schema	https://www.schemastore.org/codex-hooks.json	200	schema-keys	314f75836ea1369eb0d812fab304986fb97ced6e4f6142922cb8dcb2ce9f0c08	2026-09-30
codex	schema	https://www.schemastore.org/codex-skill-metadata.json	200	schema-keys	c54f7554a018c09639d8500cfc9ec494ae70e310b9a464d4cc07a78eefd6c0ff	2026-09-30
continue	changelog	https://github.com/continuedev/continue/releases	200	github-api	04d0468bc54f8318ed1ad69d1cf5c8cba560fa4c4db7726937aa604e7b0cda94	2026-09-30
continue	docs	https://docs.continue.dev/customize/deep-dives/mcp	200	html	9a9eb0b55cc061761f48fb71035ba6d8b3e5527d9394bf18528f306acb804962	2026-09-22
continue	docs	https://docs.continue.dev/customize/deep-dives/rules	200	html	d9c4a571cebdf2e028c6d3e0d279631e1a54e87c7d085e5688c8d7d01f55e737	2026-09-22
continue	docs	https://docs.continue.dev/reference	200	html	a0067dd0c4619606119427464ddfc3c7708814a2d4973e6d8416dacf147cc3a4	2026-09-22
copilot	changelog	https://github.blog/changelog/label/copilot/	200	html	ac29aa18dbd0f3b80615c7bd8bb6066beee17917856f7d2a59ee0bbaf1eb763c	2026-09-30
copilot	docs	https://code.visualstudio.com/docs/agent-customization/mcp-servers	200	html	0e683f3e28eca3b89132732f822642e77fb2824efb1ab67df6c75eba0ba1da2f	2026-09-30
copilot	docs	https://code.visualstudio.com/docs/agents/reference/mcp-configuration	200	html	f1ff883dfc3571df6e854b8fa6e4b3efb3e8e53264e1051a6ab204293a8ec055	2026-09-30
copilot	docs	https://docs.github.com/en/copilot/concepts/agents/hooks.md	200	markdown-mirror	bfd40aa93ad62133efc17a50f189034f01594dc89a5d31a13a0c541d691acede	2026-09-25
copilot	docs	https://docs.github.com/en/copilot/how-tos/copilot-cli/customize-copilot/add-mcp-servers.md	200	markdown-mirror	3008c908b9fd7691002f5d64d3ee6b5b8df013226eb4a1a237c39ee5415c6154	2026-09-30
copilot	docs	https://docs.github.com/en/copilot/how-tos/copilot-on-github/customize-copilot/customize-cloud-agent/add-skills.md	200	markdown-mirror	2aa46e4615fc9cdaaae6a70061fd0056719886c4d2a3ead98b5daf5e45e90c91	2026-09-25
copilot	docs	https://docs.github.com/en/copilot/how-tos/copilot-on-github/customize-copilot/customize-cloud-agent/use-hooks.md	200	markdown-mirror	df8a7c3635741a19e2cab4f20ba54dd3f852077ecc81022f9f65d921a5c0fbf5	2026-09-25
copilot	docs	https://docs.github.com/en/copilot/reference/copilot-cli-reference/cli-config-dir-reference.md	200	markdown-mirror	055e024a98c2251bc13c6f3adb79b8fd9fed891d5acd386319492878d322ae00	2026-09-30
copilot	docs	https://docs.github.com/en/copilot/reference/custom-agents-configuration.md	200	markdown-mirror	914d2b3aca98f2bc096e477a4acaa19ce26adc7c76542a70e3cea48eb1ba26cc	2026-09-25
copilot	docs	https://docs.github.com/en/copilot/reference/hooks-reference.md	200	markdown-mirror	881e5275f9d3a2f6307336cb2b21fbff4629346c7c594e2b6a4b70d929f37628	2026-09-28
crush	changelog	https://github.com/charmbracelet/crush/releases	200	github-api	eae64fc75e72526ce69ddb4cc5b251ea34165d833fa8a08e4cb3d0df4bd626b4	2026-09-30
crush	docs	https://github.com/charmbracelet/crush	200	raw-github	4a72550d9d6d9b8274f1639ef4fbef3ee14c917b9dec0fad71ca7c3bb5d2cfc6	2026-09-22
crush	docs	https://github.com/charmbracelet/crush/blob/main/docs/hooks/README.md	200	raw-github	0871ecba435c774b38650046a10341cccf07661c78a4bf803ce585c8740f4d38	2026-09-22
crush	schema	https://raw.githubusercontent.com/charmbracelet/crush/main/schema.json	200	schema-keys	308ae8defeb921dcda55cabc280d30243312983e91cc7256fb6002807c788c5f	2026-09-30
cursor	changelog	https://cursor.com/changelog	200	reader-proxy	8e37a602549f4b0c86ecf8c77d3925329bd621936deb2bf236f0f58fd5a45114	2026-09-29
cursor	docs	https://cursor.com/docs/bugbot	200	reader-proxy	9c30ce8937eb95fdea40ca2a101f27887cd08edf10b1979c86ea69f535c81f82	2026-09-29
cursor	docs	https://cursor.com/docs/configuration/worktrees	200	reader-proxy	a2f2c3b4212216a33234fe6ccb7fdb5ef3305b38287bb79b3893f244dafda58a	2026-09-29
cursor	docs	https://cursor.com/docs/hooks	200	reader-proxy	edb0d388b7743bf62a49848f8f71b6edcac2c3555996ca8fa64c3838d1d0b544	2026-09-29
cursor	docs	https://cursor.com/docs/mcp	200	reader-proxy	1cd0265281aae01edeadaa048afeee6ebd8c901a85774ed991b2fe43045c37e4	2026-10-01
cursor	docs	https://cursor.com/docs/reference/third-party-hooks.md	200	markdown-mirror	c2d2e67fd529f5d14feaaab22b3662f9eac2d21a4c54846f3e28fca6d63292c6	2026-09-25
cursor	docs	https://cursor.com/docs/rules	200	reader-proxy	edbf22e76649f01343a48361dc2a5faae0a9877592d4b1d22e1e0a3a65ed9805	2026-09-29
cursor	docs	https://cursor.com/docs/skills	200	reader-proxy	18e2faf801bfd5bd8c8d8749a37a0e4674bc1d689153788febce667a59ecd5e1	2026-09-29
cursor	docs	https://cursor.com/docs/subagents	200	reader-proxy	d8ae657e429ae5ee983c426d557e5dc49c248549de864bede97394b2f0ca94d3	2026-09-29
cursor	docs	https://cursor.com/help/customization/skills.md	200	markdown-mirror	7d551fc7939d4632228c7f178f89475113a1ad503000f890271ee95a4aee3a49	2026-09-25
cursor	schema	https://cursor.com/schemas/environment.schema.json	200	schema-keys	e57e64bf2d517e0b5811a15752c2dcbfb3f9989044664fb9750639cc805e52d9	2026-09-30
factory	changelog	https://docs.factory.ai/changelog/release-notes.md	200	markdown-mirror	ca87789e74c1ce5818eeee4199c86cde292023863e3c4516330494259c80a371	2026-09-29
factory	docs	https://docs.factory.ai/	200	html	212481a9d2f35400539aadc169403388eb7b1ef611ae3fe12dbc7f1db053f273	2026-09-22
factory	docs	https://docs.factory.ai/autonomy-and-safety/sandbox.md	200	markdown-mirror	fd25fcd53c06a1f64ec4e0d83eb3b97e7d23a17e832a991c59c262b222631c2c	2026-09-25
factory	docs	https://docs.factory.ai/droid-cli/settings.md	200	markdown-mirror	6a5a42a9129afefbde18f3c0fa8d3ad119788dc8e6d4b5c0af303976ddcef09a	2026-09-30
factory	docs	https://docs.factory.ai/enterprise/hierarchical-settings-and-org-control.md	200	markdown-mirror	821f7eb32c24b3ecbb5a2ad12b161eb965748d2eadaa5b72cd6d9b6be4a5dc83	2026-09-28
factory	docs	https://docs.factory.ai/enterprise/llm-safety-and-agent-controls.md	200	markdown-mirror	7a8f2ac79d8a32849145483d7666c061922f2c08867067a327b5ec6191fdc37d	2026-09-28
factory	docs	https://docs.factory.ai/harness/custom-slash-commands.md	200	markdown-mirror	62cd3f57a6a38b44d240e24cdfd1c5ecfad88d403853b0f52f6987a003de85d8	2026-09-25
factory	docs	https://docs.factory.ai/harness/hooks.md	200	markdown-mirror	a315af47cb0a64566568b8049a4d0f659eb68901319d2009e8daa91c060eca46	2026-09-25
factory	docs	https://docs.factory.ai/harness/mcp.md	200	markdown-mirror	b6acadae60390aa3b0a56de5db7bfae68ccad10d655e5a7de3dbc234c5503825	2026-09-25
factory	docs	https://docs.factory.ai/harness/skills.md	200	markdown-mirror	6a7bcaaf574255d9c86a90a40af896c0f12f42f25591b48513be6a4ca4078c15	2026-09-25
factory	docs	https://docs.factory.ai/harness/subagents.md	200	markdown-mirror	e9a9a740ef6d073a2683c4d0912e36975f3ceeee44719e93635042182aafa522	2026-09-28
gemini	changelog	https://github.com/google-gemini/gemini-cli/releases	200	github-api	07bc490777055e66272d300969b885cc3a1108be90eead55625e2603206a6f6f	2026-09-30
gemini	code	https://github.com/google-gemini/gemini-cli/blob/main/packages/core/src/agents/agentLoader.ts	200	raw-github	855df1925d43175f719eb5d21d4c7d76842c99216f9b6329a90b030217648198	2026-09-30
gemini	code	https://github.com/google-gemini/gemini-cli/blob/main/packages/core/src/hooks/types.ts	200	raw-github	3d0dce53a6f36e6ca90761d6769c3431e109e12aaa31e9e29ae169faf955bf70	2026-09-30
gemini	docs	https://geminicli.com/docs/cli/custom-commands/	200	html	123f90a573900919ec5d8ec2c194698cc4393ba79b3f7055fe97b5f2eb3df2c7	2026-09-22
gemini	docs	https://geminicli.com/docs/cli/gemini-ignore/	200	html	b3d622a0ccef10ba1b546cf769fe46204223131574a4c1f6f718d313725d2314	2026-09-22
gemini	docs	https://geminicli.com/docs/cli/skills/	200	html	3667820eb0e04c18f458cc7005caed54c98082d4395b39b082f8ce6028c50cbe	2026-09-22
gemini	docs	https://geminicli.com/docs/core/subagents.md	200	markdown-mirror	4b9baa88628b0a2bdaea87dc6b9a5c5dd2d998274ba9a93cc6ed23c53b8ee2db	2026-09-22
gemini	docs	https://geminicli.com/docs/hooks/reference/	200	html	51790ee211df1c1d8efe80b8688b336de19d8ce675360f80640a09d53f87c900	2026-09-22
gemini	docs	https://geminicli.com/docs/reference/configuration	200	html	55122869b1f732ff1f2d8df0bb91107aa6c72e091854d015523b80c8d5e54ccb	2026-09-23
gemini	docs	https://geminicli.com/docs/reference/tools.md	200	markdown-mirror	6b92328b478daae81baa2192d94c0e023fd57a91439f4d6888dcfb3b8c8a673c	2026-09-22
gemini	schema	https://github.com/google-gemini/gemini-cli/blob/main/schemas/settings.schema.json	200	schema-keys	a58f970b4db122dcffa89c36e1e52521025913bcd4a35eb8dc526ac46bb34683	2026-09-30
goose	changelog	https://github.com/aaif-goose/goose/releases	200	github-api	d11bb6c7d96c788fe8870cad8d3725e28e2c2248b9d31b40bf1ae9700b5ddc81	2026-09-30
goose	docs	https://github.com/aaif-goose/goose/blob/main/documentation/docs/guides/context-engineering/custom-agents.md	200	raw-github	2476673c6e2b11acfe3f95314c942dc2dac67efc79d74861233aeaa18e1b2560	2026-09-22
goose	docs	https://github.com/aaif-goose/goose/blob/main/documentation/docs/guides/context-engineering/hooks.md	200	raw-github	6d9b62f75529f877799e3efae6fd5552605070c18bfc8b1bc32a6ddad940be39	2026-09-22
goose	docs	https://github.com/aaif-goose/goose/blob/main/documentation/docs/guides/context-engineering/plugins.md	200	raw-github	ae9f8ac6449f02169219e0a9f77f77c224d63dcaefc5de64354c4148ed366b01	2026-09-22
goose	docs	https://github.com/aaif-goose/goose/blob/main/documentation/docs/guides/context-engineering/using-goosehints.md	200	raw-github	5b0b1e94c5e8151346d80da3a182d6b24347550d94855de0857e2352da1c4895	2026-09-22
goose	docs	https://github.com/aaif-goose/goose/blob/main/documentation/docs/guides/context-engineering/using-skills.md	200	raw-github	f521f1fedeb5720c3664b064620ea51faa8fa77407f430bef89050eb405b66c3	2026-09-22
jules	changelog	https://jules.google/docs/changelog/	200	html	94ba5b0ded038d5f50a722c7aec178ca276a00e6e16e7bc6900aaed8028051dc	2026-09-22
jules	docs	https://jules.google/docs	200	html	c648501d2a6994eb5a16b74df1505bfd205ede672fa19b94e922135cbc5c4a0e	2026-09-22
junie	changelog	https://junie.jetbrains.com/blog/	200	html	bf4c830a487a0a1f3e18fdd1efd0b326865b5c9dd556d8e4ee2e954e17442a21	2026-10-01
junie	changelog	https://plugins.jetbrains.com/api/plugins/26104/updates?size=20	200	json	fa82cb0f3b4f372dd8a12fae949f97d738d75899f9dd5f6a2c55e629e7e382bc	2026-10-01
junie	docs	https://junie.jetbrains.com/docs/action-allowlist-junie-cli.html	200	html	217595614a236656e52be2593b867920f7ad575da71c618f0c8abc89a18af748	2026-09-23
junie	docs	https://junie.jetbrains.com/docs/agent-skills.html	200	html	9b7af260ea22f9a37dd9a08248ad487ae50b239bc7701b9b06461665aa7131b2	2026-09-23
junie	docs	https://junie.jetbrains.com/docs/custom-llm-models.html	200	html	d2d055aca0b3c8fb1cea4ed3531dc09973aaa469e586fb68f74cf28a72529958	2026-09-30
junie	docs	https://junie.jetbrains.com/docs/custom-slash-commands.html	200	html	8b8fb5b7f2ef20436ee4af190ac933a70be787e296a168ab39551f285bcf90fa	2026-09-23
junie	docs	https://junie.jetbrains.com/docs/environment-variables.html	200	html	b6e8e6148b6649183cff9d130e9eb658b634ba4b43aa3706930cb17b4a8720d4	2026-09-23
junie	docs	https://junie.jetbrains.com/docs/guidelines-and-memory.html	200	html	caff788199d960933e43e03772a9ce014fb577ec2f9a94a40646248379f8a585	2026-09-23
junie	docs	https://junie.jetbrains.com/docs/junie-cli-configuration.html	200	html	4bb23e839bcac9f9e13f921189b8b89a0c4b8a6f86b73727eb9a1d413d50a9f8	2026-09-23
junie	docs	https://junie.jetbrains.com/docs/junie-cli-demo.html	200	html	6e8faf65a47494f403e1214a599a7b224b37c6ea6c3d34ec765e16b3c2e65e41	2026-09-30
junie	docs	https://junie.jetbrains.com/docs/junie-cli-extensions.html	200	html	bc448d31e73e21a72ee87eb701ec2c3680859ae54c99a8457f9cba247650364b	2026-09-23
junie	docs	https://junie.jetbrains.com/docs/junie-cli-hooks.html	200	html	a51e00a2fca105b9d5cfe7a0a71236d7d75e48c17a9624a02d70ef658c7d99b4	2026-09-23
junie	docs	https://junie.jetbrains.com/docs/junie-cli-mcp-configuration.html	200	html	c822a68ee483c84ee06d37e8fe26198139e4adaa1837c3a6a06a94e1562cf2b7	2026-09-23
junie	docs	https://junie.jetbrains.com/docs/junie-cli-subagents.html	200	html	35e248628d1bc6991f3aa504e844b8a8a9256ddf627d500f1ec48b42cea2638c	2026-09-23
junie	docs	https://junie.jetbrains.com/docs/junie-ide-plugin.html	200	html	449e8eb6fd90e5d927a05ac44bc01b614723cc005ed158b3943c245510668e40	2026-09-23
junie	docs	https://junie.jetbrains.com/docs/junie-review-agent.html	200	html	6ad5fe3a2427a00f2b969883c167580cc2b906dbac7d0b533a4f26971ac6af41	2026-09-23
junie	docs	https://junie.jetbrains.com/docs/starting-page-get-started-with-junie.json	200	json	1d42da67ad9bb962ea8f6262b2ac744f89fcc5b9a973ad394d0cc982321cbcf3	2026-09-22
kilo	changelog	https://github.com/Kilo-Org/kilocode/releases	200	github-api	ec7e2e894cf9195b87325c473df42fb2a07fd98c32669ab89a516b25939ad7c4	2026-10-01
kilo	docs	https://kilo.ai/docs	200	html	1d0d9de8535e3bf6be2bab5b82acbc607380a965468dc4c6ce700cb655072424	2026-09-22
kilo	docs	https://kilo.ai/docs/automate/tools	200	html	b0c5f7d2b31f63620125a542ab67b755486c10f5e946ce2975346ade397ca66b	2026-09-22
kilo	docs	https://kilo.ai/docs/code-with-ai/agents/goals	200	html	1ac3554155b55637c5b70e961a956e127ad2ef5c2670dcea2a0ef27572006017	2026-09-22
kilo	docs	https://kilo.ai/docs/customize/agent-permissions	200	html	4a7fb9de49b67a7ff393697ebb349cbc3ae4f6f0b2829619f9c6c2ea6e0de379	2026-09-22
kilo	docs	https://kilo.ai/docs/customize/agents-md	200	html	688089d097fe5a115c98dcb452153d169a53cff55eeadbca0191093744687820	2026-09-22
kilo	docs	https://kilo.ai/docs/customize/custom-rules	200	html	8a0b79959e9e92d1085430a7ab9212611db83deaf3ca0d7530a10e938f154df7	2026-09-22
kilo	docs	https://kilo.ai/docs/customize/custom-subagents	200	html	26ae84fff5daad886b46d12e2b87047aac11f8c223b722f51d827e11a48d11a3	2026-09-22
kilo	docs	https://kilo.ai/docs/customize/skills	200	html	cdc320d1955a1b11f32807b13ca70e39cfe68517d249147096bd6b7e095a5e47	2026-09-23
kilo	docs	https://kilo.ai/docs/getting-started/settings/auto-approving-actions	200	html	3d660caed47c7252466c544bcec647c9e1b470d71a56bfea50f9bf9e11208568	2026-09-22
kilo	schema	https://app.kilo.ai/config.json	200	schema-keys	fe883bddf4435af05f14f721c74b931d161b5723d02b8c2399b835324e505a59	2026-09-30
kiro	changelog	https://kiro.dev/changelog/	200	reader-proxy	51f07b72d424fc809e5cea14d988efdd9745363fa55edda3465d4a83122c5092	2026-10-01
kiro	docs	https://kiro.dev/docs/cli/v3/hooks-migration.md	200	markdown-mirror	47257b52caedeec916a92a82c7c3e20a22889b37c47c4688dfb989f70370f13f	2026-09-25
kiro	docs	https://kiro.dev/docs/custom-agents.md	200	markdown-mirror	4901ef1d9bb61a831849697619ca484a4b0517ac23ea3afd94de5fd399799400	2026-09-25
kiro	docs	https://kiro.dev/docs/custom-agents/configuration-reference.md	200	markdown-mirror	80484017b11180fe9e27f9ee5f71c0e8812afa53591793d162bfb7027b99a4c3	2026-09-25
kiro	docs	https://kiro.dev/docs/hooks.md	200	markdown-mirror	3a9b32842c5b4ede401320283f5608ee6b99afc64ac8f1049e9cfcdae77e92b0	2026-09-30
kiro	docs	https://kiro.dev/docs/hooks/actions.md	200	markdown-mirror	965f9795d94c255ba8e59b9f06f6db7c3eabf1038d31313c9bd25b7a0ea146ef	2026-09-25
kiro	docs	https://kiro.dev/docs/hooks/types.md	200	markdown-mirror	c9513418c6a104ff05b5388ae1cfaba145def4d092342fb2f9b9cd06b07edb6f	2026-09-30
kiro	docs	https://kiro.dev/docs/kiroignore.md	200	markdown-mirror	7fdc566e0608e048cc7e34c66c0cb66b065b9c3d90c1c922e65967c04ef8ea86	2026-09-30
kiro	docs	https://kiro.dev/docs/mcp.md	200	markdown-mirror	a0846943b94eb77186578ea42922c24ef487e301cb913ea07a7b0a51169d69f8	2026-09-25
kiro	docs	https://kiro.dev/docs/mcp/configuration.md	200	markdown-mirror	322d15d103e968e41de9e70eaa71a14bf9a5f4cebaedb637eb760ee3a24c2806	2026-09-30
kiro	docs	https://kiro.dev/docs/powers.md	200	markdown-mirror	257918bf671baec01c537dd7d67f2ca48554bcd217244c70955fefecda77a366	2026-09-25
kiro	docs	https://kiro.dev/docs/powers/installation.md	200	markdown-mirror	bc80c474c62a2b96ec82fe2dbfd86eabdfdec3a3491760e9d3ede37272a533ce	2026-09-30
kiro	docs	https://kiro.dev/docs/skills.md	200	markdown-mirror	bec2e34ac47043aa71224a7b434c4919ffca6e5c6fd68b8754809b00209b9355	2026-09-25
kiro	docs	https://kiro.dev/docs/steering.md	200	markdown-mirror	c9419024bcba5bee0f5796e020a020855416d82cd504c19d9657883a1540e74c	2026-09-25
kiro	docs	https://kiro.dev/docs/tools.md	200	markdown-mirror	e9e4341ddb377bf94cba8f692ec8a3b4daadd6559de25070d774bc73d9996882	2026-09-30
opencode	changelog	https://github.com/anomalyco/opencode/releases	200	github-api	9bbc00ed80d4acdaf1c261b5a6d282452c7469f04f44547e1ac3aa8d06b95a72	2026-10-01
opencode	docs	https://opencode.ai/docs/agents.md	200	markdown-mirror	7b7dfc8ca2fc363358d6c6f4625bc13d8386942f9b64b0fcaa711a5aeee56074	2026-09-25
opencode	docs	https://opencode.ai/docs/commands.md	200	markdown-mirror	7a1db15a20488c4c1813e135962480978788bf0509d866346d2e3cdde8a850e1	2026-09-25
opencode	docs	https://opencode.ai/docs/mcp-servers.md	200	markdown-mirror	a8c9af4721d0553baa517c4fbd3f064fceadc18bf37bf2def649b5ace3d89d6c	2026-09-25
opencode	docs	https://opencode.ai/docs/permissions.md	200	markdown-mirror	f159e9dbcd2a66114e444ff85883f84d2393b3fdc16f88554e4149173e68146d	2026-09-25
opencode	docs	https://opencode.ai/docs/plugins.md	200	markdown-mirror	ab99892a03931c7d7cb36f93beba067346492cb9adae0f263fb6ac83f83391bb	2026-09-25
opencode	docs	https://opencode.ai/docs/policies.md	200	markdown-mirror	5738f4681d9a225ffedc1f22887522e63339d8df02995cccc31bca5f197151cd	2026-09-25
opencode	docs	https://opencode.ai/docs/rules.md	200	markdown-mirror	dfb242d9a8c0cfb1c97cee74a895b56ba72cba64b558200f06eede4f5f93cb54	2026-09-25
opencode	docs	https://opencode.ai/docs/skills.md	200	markdown-mirror	0cc6d2ebeece718df41fdec0164d406b1fa9bd60fd5b46c94fc0fab63ddd5b93	2026-09-25
opencode	schema	https://opencode.ai/config.json	200	schema-keys	35011de701b68b17ad3b9983f6a67ca30cae517501cf724a049fc551a8a19539	2026-09-30
openhands	changelog	https://github.com/OpenHands/OpenHands/releases	200	github-api	a3964e793341ae7778fe52055b88b08c23d25f6dc89735c7845eb605584ecf86	2026-09-30
openhands	docs	https://docs.openhands.dev/openhands/usage/customization/hooks	200	html	bd78dfa87dafc4f1130f342cbf40df88a70497b73b403cea27ee46a3d2799062	2026-09-22
openhands	docs	https://docs.openhands.dev/openhands/usage/customization/repository	200	html	74e439dfb07d252a060c9ca2d5d993290e91a9e559974d1171bb408616b27795	2026-09-22
openhands	docs	https://docs.openhands.dev/openhands/usage/settings/mcp-settings	200	html	5bfb34cd7448f0d598ccaa678fd17997650fb832aff1c4e3504826cbd87d3ec0	2026-09-28
openhands	docs	https://docs.openhands.dev/overview/skills	200	html	95e0261233d641ef711d6a97e2808e77cabc9092bdb3a880cc358116f4df21b9	2026-09-22
openhands	docs	https://docs.openhands.dev/overview/skills/path	200	html	35845786265090923692095ff82868e6592fc64fc93e21b75c0e28d23345cab4	2026-09-22
openhands	docs	https://docs.openhands.dev/sdk/guides/agent-file-based	200	html	90c57fe1f71e42346e64d46326b949247d5eff12c95a09c58daeeb25dd847d7b	2026-09-22
qoder	changelog	https://docs.qoder.com/release-notes/desktop.md	200	markdown-mirror	82bef796cc4931048754dc4497f2b77837c2771d3ffb62256b7352445e52b5b8	2026-09-24
qoder	changelog	https://docs.qoder.com/release-notes/qoder-cli.md	200	markdown-mirror	539cbefc242c212590fa3248daf6039e855226288f0181f0810f7c92019194f0	2026-09-24
qoder	docs	https://docs.qoder.com/cli/commands.md	200	markdown-mirror	05f8f47cf709adc33f9d8c90e665213e471371249d5410eab0d3512fb6531239	2026-09-25
qoder	docs	https://docs.qoder.com/cli/config-scope.md	200	markdown-mirror	d3bce256c0fcfdeafc269d8bbf756ac25a3693020227af095094f046368abb2f	2026-09-25
qoder	docs	https://docs.qoder.com/cli/hooks-reference.md	200	markdown-mirror	695e7fdbc3f17f14181863dcec7149137e3d5991b48e6fc8453e7b767c4b7633	2026-09-25
qoder	docs	https://docs.qoder.com/cli/hooks.md	200	markdown-mirror	b00e26a5d61b1ca9cdf47b424d4195eff4a2c485512ee21a3dd69d9ded4601ad	2026-09-25
qoder	docs	https://docs.qoder.com/cli/mcp-reference.md	200	markdown-mirror	ff26657612d23c76d0dd566997f679d4145efb37882284e11eea681db4a5db03	2026-09-25
qoder	docs	https://docs.qoder.com/cli/mcp-servers.md	200	markdown-mirror	8ac88edde9d105c30136c87c030dda117a62d1fd5978fd22613124dea7535cf2	2026-09-25
qoder	docs	https://docs.qoder.com/cli/memory.md	200	markdown-mirror	6698230aca88f8f7bf0bba8dc6d66c141b50ce9168ae1a10db2c81a90b82f526	2026-09-25
qoder	docs	https://docs.qoder.com/cli/permissions.md	200	markdown-mirror	6f483f3ae5c8d2a6cd704e04137516b74cea4bb717f1dac05738ae57f381bba9	2026-09-25
qoder	docs	https://docs.qoder.com/cli/settings-reference.md	200	markdown-mirror	ad3b59ab957bf799e2d0013ac1d135413b61e1adc704f176ac64f320d034c9d4	2026-09-25
qoder	docs	https://docs.qoder.com/cli/settings.md	200	markdown-mirror	9f643742b6f619e2dad9a177a1668d461359598b2aa143b4e067a77321158f4f	2026-09-25
qoder	docs	https://docs.qoder.com/cli/Skills.md	200	markdown-mirror	c40f99c6382f998547c18783a4ffd7cb22740d6340b936ed8dd484f2dd07b237	2026-09-25
qoder	docs	https://docs.qoder.com/cli/subagent.md	200	markdown-mirror	bf536a0db661663ce4c75fae1fb82a3cb380679af03b85328a15e5188b782368	2026-09-25
qoder	docs	https://docs.qoder.com/extensions/skills.md	200	markdown-mirror	2c1471069017c0ec4f3e499f8d270fe8b65c413579c547213b0c91ffee09bb0f	2026-09-25
qoder	docs	https://docs.qoder.com/extensions/subagent.md	200	markdown-mirror	fbb291b96ac225dfe34fda3116a3877ae37f452586a39ba763ddf3bee272399e	2026-09-25
qoder	docs	https://docs.qoder.com/user-guide/chat/model-context-protocol.md	200	markdown-mirror	2bb118fa58debed920eb46a0e4efefe19702f6f9dda7f37a294ff50d3f0992cf	2026-09-25
qoder	docs	https://docs.qoder.com/user-guide/commands.md	200	markdown-mirror	4dc0b6b7f45bebbc0004c542da409a78c76179d0c77a0d8532e53f42f61fc0bf	2026-09-25
qoder	docs	https://docs.qoder.com/user-guide/rules.md	200	markdown-mirror	4df775be049af460957dc18aa8978673cff96f28db6755c7e234fab723e29fc7	2026-09-25
trae	changelog	https://docs.trae.ai/ide/changelog	200	router-data	d1b2c14a889ae7cee93475ea9f3da4fc4ab6a677d790cbb9275d0498d00dd8e1	2026-09-23
trae	changelog	https://www.trae.ai/api/changelog	200	json	db52938b565f9ec0e435d6243c2084309d2911248e16ff9939fadefd8bc5aff0	2026-09-22
trae	docs	https://docs.trae.ai/ide/add-mcp-servers	200	router-data	c4eebda332860273c47444ec8431a1c7c36a50268de00035a77951259bd1d828	2026-09-23
trae	docs	https://docs.trae.ai/ide/automate-actions-with-hooks	200	router-data	e673996179fb12235679910ea9990b4b30f1fca5835bdc5b3a3a9a1ff1fdf252	2026-09-23
trae	docs	https://docs.trae.ai/ide/hook-configuration-reference	200	router-data	fa8beaa2490621c35bda8a63b2e3e8b23053cac356dbf8d19945005d56e4fbf2	2026-09-23
trae	docs	https://docs.trae.ai/ide/ignore-files	200	router-data	fff9f6e777e4cbb1ce0b0922d3ca4458da8c1e29c3831669931db4500826cdf1	2026-09-23
trae	docs	https://docs.trae.ai/ide/model-context-protocol	200	router-data	d20a350b162d804e6bb14fc489385607848714fc3e680e6d738701b4fffeb480	2026-09-23
trae	docs	https://docs.trae.ai/ide/rules	200	router-data	6bd6ee9f46b119711f413d8417b17aeea1be55c1762c7fff88aa6617fcbccaaa	2026-09-23
trae	docs	https://docs.trae.ai/ide/skills	200	router-data	f85e5b14cd9700a05f9de849736a02d03a154f6e573e08ad348181005b436761	2026-09-23
trae	docs	https://docs.trae.ai/ide/slash-commands	200	router-data	856729aa8e23b3362287da7d7aafce6023744876f6b2eb62ac7698feefb2ce0f	2026-09-23
trae	docs	https://docs.trae.ai/ide/subagents	200	router-data	6167b42483564c74066c2e4584829c377036b29551aee3c1f1637ef168479c46	2026-09-23
warp	changelog	https://docs.warp.dev/changelog.md	200	markdown-mirror	0f93b856e6d112f2360b7ae515e8c26949cdfff20d90f8157d66b0e5a8178ac2	2026-09-25
warp	changelog	https://docs.warp.dev/changelog/2026.md	200	markdown-mirror	0d764d643808cbc389e6da2bd4c50b6ed5f6eaa896cbd42826aba6afdbd2619c	2026-09-22
warp	docs	https://docs.warp.dev/agents/capabilities/mcp.md	200	markdown-mirror	4c1ad3d24c92c09bd8ca2720b4d5b959edbdbda1eaad1d4c89dbb33e04d386ff	2026-10-01
warp	docs	https://docs.warp.dev/agents/capabilities/skills.md	200	markdown-mirror	cf1a50cba91ee20bef9825fdfb926e19753dfe5ee5df2f6d790075f529c0cc3f	2026-09-25
warp	docs	https://docs.warp.dev/terminal/entry/yaml-workflows.md	200	markdown-mirror	80bd9ebf7d4790bbf1611b3e2bbdd6233365390a9aa4a2182d4d0826d3975c96	2026-10-01
warp	schema	https://www.schemastore.org/warp-workflows.json	200	schema-keys	769d2ec471bd8bd45a678743af5c13f4b0ef82960a559a5acdfe095e5b7fcb68	2026-09-30
windsurf	changelog	https://docs.devin.ai/cli/changelog/stable.md	200	markdown-mirror	f80d720b5da26b729d0e3207812f6748a7f59ea7cf081e3cd30ddc30cabc1f18	2026-09-24
windsurf	changelog	https://docs.devin.ai/desktop/changelog.md	200	markdown-mirror	610428f50ab2a0597371d914bf4e73a20bcd95ef1d03bbb081e4f98aa367eda7	2026-09-30
windsurf	docs	https://docs.devin.ai/cli/extensibility/hooks/overview.md	200	markdown-mirror	443a3a07c20bc8405c22adeed5185a2b6816eeab6f6b042fe59e044e42958c96	2026-09-29
windsurf	docs	https://docs.devin.ai/cli/extensibility/mcp/configuration.md	200	markdown-mirror	da574ae5658d6080823049fac090e6212542d1a89d46bb95b4a641443c4c27d4	2026-09-29
windsurf	docs	https://docs.devin.ai/cli/extensibility/rules.md	200	markdown-mirror	aef56431bc7bf76fad7eb86d0dd849c79f0da9b7eaab036b2c45a5ace3a9fdb1	2026-09-29
windsurf	docs	https://docs.devin.ai/cli/extensibility/skills/creating-skills.md	200	markdown-mirror	d3cc95792a1ce8c42bf0c8d7127085c865d112876d994aad887b153f9ee47042	2026-09-29
windsurf	docs	https://docs.devin.ai/cli/extensibility/skills/overview.md	200	markdown-mirror	59743811000bbf50c7af93fae0fc239e80cff3f770cc07a7f4c96c4b047976b0	2026-09-29
windsurf	docs	https://docs.devin.ai/cli/reference/permissions.md	200	markdown-mirror	cd4a8d9e74ab413a6f5fa5964c2f6a92160e6ef34101de966ae1d93647325d0b	2026-09-29
windsurf	docs	https://docs.devin.ai/cli/subagents.md	200	markdown-mirror	733edfce12b0d55de7e325e6354614926db00a1f707ce1d8ec16c83b64b17adc	2026-09-29
windsurf	docs	https://docs.devin.ai/desktop/cascade/agents-md.md	200	markdown-mirror	9b93c907d97a165203b57c26874c9570a0159691fd4549b85b24b45bfe8a4dcd	2026-09-29
windsurf	docs	https://docs.devin.ai/desktop/cascade/mcp.md	200	markdown-mirror	13b07d2f304dc2324405155b97a498a0c8ac2ebeeb41866b52c87ce4ab341129	2026-09-29
windsurf	docs	https://docs.devin.ai/desktop/cascade/memories.md	200	markdown-mirror	ae48eaf462aed9d5f6580b3fe5f758ef7ebe6e0e4d23388b6958b5a49222d690	2026-09-29
windsurf	docs	https://docs.devin.ai/desktop/cascade/skills.md	200	markdown-mirror	2da55a42505c57c0f5c1a4db1db5b595d3ba7b496abec26bbe23f97eac0b0a7e	2026-09-29
windsurf	docs	https://docs.devin.ai/desktop/cascade/workflows.md	200	markdown-mirror	228293144fc6692da5e27387d401b3b5df9f0d0ae61e434366ccd74f8d74eef7	2026-09-29
windsurf	docs	https://docs.devin.ai/desktop/context-awareness/devin-ignore.md	200	markdown-mirror	e077586f42b3bfa5079b7446e616b2934a4014b4a1d911f282f3ec622b57eb82	2026-09-25
windsurf	docs	https://docs.devin.ai/desktop/devin-local.md	200	markdown-mirror	25b6f50a72fe0110d74b7e2723bba13eb83a59fb53d09aa485251e7c4c80a522	2026-09-29
zed	changelog	https://zed.dev/releases	200	html	9a938754d426dfd63e60fa6cb72f18513a0b392a55efa3eb9f0940d8e9ea8a93	2026-09-30
zed	docs	https://zed.dev/docs/ai/instructions	200	html	a52d64173b8e7872cc7c1cb09d101f30ceb532c6f4a50693c001b885a27bbf1f	2026-09-22
zed	docs	https://zed.dev/docs/ai/mcp	200	html	959546ac9fb815465af55cce0f84cfe480a24f6738478df2aab35e778acc4cc6	2026-09-22
zed	docs	https://zed.dev/docs/ai/skills	200	html	889151a10465b93ed61ece711ac60c3db3ce4f049a447ecb10f7267b3feb3461	2026-09-22
zed	docs	https://zed.dev/docs/tasks	200	html	a8a313b40ac6abbc412aa5ab9d9f2f7e2ef11167b7516aedc984875dac49f403	2026-09-22
