# target-audit sources lock. Written by scripts/docfetch.sh --update. Do not hand-edit rows.
# target	kind	url	http	mode	sha256	changed
aider	changelog	https://aider.chat/HISTORY.html	200	html	e36e4002cbdcdee1956527b94bdcabbba01abcf53d6d1c18c2871c6b26863257	2026-09-22
aider	docs	https://aider.chat/docs/config/aider_conf.html	200	html	4f6e74670f5eb02a72805fd8f8b087f261a9e8c7f5e35630707f2eebe3827f48	2026-09-22
aider	docs	https://aider.chat/docs/usage/conventions.html	200	html	8d6417fc6b8fe98ce879d83b62009bd3be4ddb84b106262411d2b8453b3ba3ec	2026-09-22
amp	changelog	https://ampcode.com/chronicle	200	html	c9a6777a4f4c9914b96ab2a2677441172c37b606512466c2af04ef74a8964c68	2026-09-22
amp	docs	https://ampcode.com/docs/cli/settings	200	html	77d2dfb39528b647b6fcfb73cbab04c66fd072d58cd36fe0aa4d7238c2395df3	2026-09-23
amp	docs	https://ampcode.com/docs/customize/agents-md	200	html	e661c98b52474764bedbcd277db997779b1b47abbfacc16ba5ca668b8ab8d3bd	2026-09-23
amp	docs	https://ampcode.com/docs/customize/global-plugins-and-skills	200	html	d9109e77ac308d87db8012afd606b1dabca6b8eef7f0775a0062ef314dc6b5dc	2026-09-23
amp	docs	https://ampcode.com/docs/customize/mcp	200	html	da2d87dc252f0763318797b4e227dd808bb6769355ca4b9215f2133aa335f93d	2026-09-23
amp	docs	https://ampcode.com/docs/customize/plugins	200	html	1d70e5872ce38691173229ec489221a4ef9e6297a01519b080241fa6025bdae5	2026-09-23
amp	docs	https://ampcode.com/docs/customize/skills	200	html	37b536486fe24241ba36629980f4aa879c7b2093a5013ebb8f881616aee4ea17	2026-09-23
amp	docs	https://ampcode.com/docs/orbs/customizing	200	html	ff0eed3040314397c1e6ba42df9239c6e7237c0bd25487433008c066e25afe10	2026-09-23
amp	docs	https://ampcode.com/docs/orbs/portals	200	html	6711891b4aaa03a6d7181b72cab89eba69ed6e683eae08469cb5be41cd39e716	2026-09-23
amp	docs	https://ampcode.com/docs/the-dial	200	html	2c42acde29f4425aebb3d0150f2aa45c6d5a7baaf7f8f3c8e355e04554621738	2026-09-23
amp	docs	https://ampcode.com/docs/tools	200	html	20d9134a536b49b962d19b8ec5fde9ea12f9951730e743b3ce74a5a7da178c03	2026-09-23
amp	docs	https://ampcode.com/llms.txt	200	text	c638ed4cb614d7861db5af0b173e3ed327fa26c7e6802d9a6f44170a644d87ab	2026-09-23
antigravity	changelog	https://antigravity.google/changelog	200	html	dc4fd9fd8b91e7b45986a72eef9cd24e3b3e6e7ea9521392d6692ac12ba4960d	2026-09-23
antigravity	docs	https://antigravity.google/docs/hooks?tab=ide	200	html	b4bf8ee8e305e005811ff9f1630784375f6440df58b2d66dd8f379235c21386c	2026-09-22
antigravity	docs	https://antigravity.google/docs/ide/workflows	200	html	f3a535efc51d41b8cfe08acb77272123ff3279026435d2847294a1fb3df30e8f	2026-09-22
antigravity	docs	https://antigravity.google/docs/mcp?tab=ide	200	html	236638f9b210d929670e345a03d6b444ddd338778abc691fa44136350e02431f	2026-09-22
antigravity	docs	https://antigravity.google/docs/plugins	200	html	ec80acf6fc9fcef8575c467c9bb0d1db4a6de0c9461283b0778a4aa092f6913c	2026-09-22
antigravity	docs	https://antigravity.google/docs/rules-workflows?tab=ide	200	html	c905f78a80dc9468bb572687080865162ab0331cd78f5daa0ba286f502844874	2026-09-22
antigravity	docs	https://antigravity.google/docs/skills?tab=ide	200	html	f5c790d226fd5fa67ba3b9f3e3c4aaf34002c786a699dc9ab39461a0f5a2d38b	2026-09-22
antigravity	docs	https://antigravity.google/docs/slash-commands	200	html	9964acbd0cbf8237658688d763c647bb54d1f984c850439debf8ee803aa14fd6	2026-09-22
antigravity	docs	https://antigravity.google/docs/subagents	200	html	c2167db177846674ed11458874b0eb4d622c999ec3853e906620a4b14fcaca4c	2026-09-23
antigravity	docs	https://codelabs.developers.google.com/getting-started-with-antigravity-skills	200	html	cf9538cef5ffe1279d7fdd0480fb8a210e987007307e5ca3e1a72f15a026d66f	2026-09-22
augment	changelog	https://www.augmentcode.com/changelog	200	html	c2b2d8f6cf920715a6dbf590b61e992f86d1c960f9c2cf5134e7c567696b7a43	2026-09-23
augment	docs	https://docs.augmentcode.com/cli/config	200	html	c0b620062e3e4ce153b665ac7394589880e32437faad074c0d74b7d514f77c1c	2026-09-22
augment	docs	https://docs.augmentcode.com/cli/custom-commands	200	html	a8ecf7170a2022a3308754d543423a8112983679401eda58b185a057f2669d1b	2026-09-22
augment	docs	https://docs.augmentcode.com/cli/hooks	200	html	82882a7d4027de02f6118947cdfaf2305ab15d18a8caaef5444369cb762ce95c	2026-09-22
augment	docs	https://docs.augmentcode.com/cli/integrations	200	html	b64cfafbed1132c4cd5f98bd7559f9a7ceb1a7ce93b11153073b27e04adcd7ee	2026-09-22
augment	docs	https://docs.augmentcode.com/cli/permissions	200	html	cd8210988774121b79842968e8f3bbc68ba55231cc50fe120cf5775565bf4f0e	2026-09-22
augment	docs	https://docs.augmentcode.com/cli/rules	200	html	40c39b04bc3bec5a66df6b666ea4406b88de6acbb1a71ab20d20843475a52d09	2026-09-22
augment	docs	https://docs.augmentcode.com/cli/skills	200	html	6f1ce4140b7b6cd251b1f14a9d404384a361996257e36e7f7c651b8db64249d9	2026-09-22
augment	docs	https://docs.augmentcode.com/cli/subagents	200	html	d98bde03e8888655b5a380332724fdebcc226a5c90d250c022499ac039e35c20	2026-09-22
augment	docs	https://docs.augmentcode.com/setup-augment/guidelines	200	html	f6b2012bf1774b1d87c1417a765e9c809dd6c3a86ad82354c6136f68f58f9772	2026-09-22
claude	changelog	https://github.com/anthropics/claude-code/blob/main/CHANGELOG.md	200	raw-github	8bda81336bb640dac39827d6d28367b0d1ad27eba49693265bcc4afa5d5cd2ec	2026-09-23
claude	docs	https://code.claude.com/docs/en/hooks	200	html	f13fc7bb0df4a2db3dfc87db687a6e4d006b3c071db363a2fe90c15d082c77e0	2026-09-23
claude	docs	https://code.claude.com/docs/en/mcp	200	html	e0fa25b12165f6bf35b837147aeb8e58024d218e732d4f04a4e76deadefba7cc	2026-09-23
claude	docs	https://code.claude.com/docs/en/memory	200	html	5730c22ac363583f1b87d44ad96b134edfad9fbac1915d8b1e1a2d91cd838259	2026-09-23
claude	docs	https://code.claude.com/docs/en/settings	200	html	3a14beb425f6447edf8408d64899eccf85436336bd4003d5f8371975e046f008	2026-09-23
claude	docs	https://code.claude.com/docs/en/settings-reference	200	html	004c3ab9b71413a2a74dc0d08cac8267678525b669fa175120664adcd2a708ee	2026-09-23
claude	docs	https://code.claude.com/docs/en/skills	200	html	78dc6594e2664346529a4f39156f81035c777e273381e3a53dba900ef9c6122e	2026-09-23
claude	docs	https://code.claude.com/docs/en/sub-agents	200	html	057e47b6b6de49fceab79953639a952b73092ffa4a218dc4c386e2e515bd1e8a	2026-09-23
cline	changelog	https://github.com/cline/cline/releases	200	github-api	b760fdfb07449f401fa7328af45ff41d144be83771cf80e2725493330b643048	2026-09-23
cline	docs	https://docs.cline.bot/customization/cline-rules	200	html	d6226dc2aedacaa62815cb0c3f3fa02524b97595c7c4c304b39737076b6771a0	2026-09-22
cline	docs	https://docs.cline.bot/customization/skills	200	html	9f5d6dfb625236911717e75adaa4c1d03b67d3bcb3743fb3fe712a809c62342a	2026-09-22
cline	docs	https://docs.cline.bot/getting-started/config	200	html	40db8804314d826a7d5986f41363d39380a9af8afd33b5aebbe775173ed9659c	2026-09-23
codex	changelog	https://learn.chatgpt.com/docs/changelog	200	html	fb1e754be99029477bb2ebbedd9a79fed441a7ec46f01622dc499d4ed667a789	2026-09-23
codex	docs	https://learn.chatgpt.com/docs/agent-configuration/agents-md	200	html	52c11316dc995e99288f2078a47844a964a0fe95ac41f2d9b9891f02f82bea8e	2026-09-23
codex	docs	https://learn.chatgpt.com/docs/agent-configuration/rules	200	html	6d630624dd419a2764e5014501164ce48a10aa15d7ded90e951fc4ccb4598efb	2026-09-23
codex	docs	https://learn.chatgpt.com/docs/agent-configuration/subagents	200	html	7d0b5343bbaac3a32c3b70d632c0dc4cd62cb6768df7e13be834132b5cad5af3	2026-09-23
codex	docs	https://learn.chatgpt.com/docs/build-skills	200	html	e580af56b244880a0f6491d5a514612cce5ac3e61e40e4d6287abb35469b2979	2026-09-23
codex	docs	https://learn.chatgpt.com/docs/config-file/config-reference	200	html	03c303d06dbb0b5f36976f46982f5469e28451cf7743c0dbc0dd10b61007bf7c	2026-09-23
codex	docs	https://learn.chatgpt.com/docs/custom-prompts	200	html	5be29e2adcce31df9752bece7625c8f2f3983d6e72d27586f564ad0e9d2f4931	2026-09-23
codex	docs	https://learn.chatgpt.com/docs/hooks	200	html	beb5ef9a6882e55e5cab6a1325de3151983087cadbd364e8e8174cff844b41ee	2026-09-23
codex	docs	https://learn.chatgpt.com/docs/permissions	200	html	a3b9351562fd3d3d472ec8dc1969f0ae1896033d463918a8c0d3708076bf388d	2026-09-23
continue	changelog	https://github.com/continuedev/continue/releases	200	github-api	4b7713a078fb3d74ee6e1960a5402355def9c0137f7d4d042df2e949c4bb1cf6	2026-09-22
continue	docs	https://docs.continue.dev/customize/deep-dives/mcp	200	html	a33885aa7e05ffbdff8f0b746f7bb4032650acf1341fd812650a2ef31199de55	2026-09-22
continue	docs	https://docs.continue.dev/customize/deep-dives/rules	200	html	d2f6426a79fd7773d1b6370618d2f410b831a4878230fea9614c601c949025ae	2026-09-22
continue	docs	https://docs.continue.dev/reference	200	html	a0067dd0c4619606119427464ddfc3c7708814a2d4973e6d8416dacf147cc3a4	2026-09-22
copilot	changelog	https://github.blog/changelog/label/copilot/	200	html	d99bc5ede0db343b395aa27d40d05b11bbfb3452a5bdedb34a6ded215835225f	2026-09-23
copilot	docs	https://code.visualstudio.com/docs/agent-customization/mcp-servers	200	html	3b0a1336f304659092e85b59a76d85b8ca507fe52d359086721a0e94b62be78f	2026-09-23
copilot	docs	https://docs.github.com/en/copilot/concepts/agents/hooks	200	html	e8805f73595723162c9f0c237816271bd0a621e7f3e8c7341f2d8cbc087ea454	2026-09-23
copilot	docs	https://docs.github.com/en/copilot/how-tos/copilot-cli/customize-copilot/add-mcp-servers	200	html	5730d93168a7ef6d7538711cd75d3e664d5ef4c20eba00e7ff56a8f9db1065d7	2026-09-23
copilot	docs	https://docs.github.com/en/copilot/how-tos/copilot-on-github/customize-copilot/customize-cloud-agent/add-skills	200	html	20c71d21e9e9f0d94c367593e3c73342ad7b7aa4f4999c646dd0ebf1a6bca565	2026-09-23
copilot	docs	https://docs.github.com/en/copilot/how-tos/copilot-on-github/customize-copilot/customize-cloud-agent/use-hooks	200	html	e09ec31e4cc9ffb3b891d30271a6f02f8a285e06861ac6d2c959a585c95f6404	2026-09-23
copilot	docs	https://docs.github.com/en/copilot/reference/copilot-cli-reference/cli-config-dir-reference	200	html	97272b538eb41b79158c3e62c4573257b1220129951af039ff4ebac69b7d7697	2026-09-23
copilot	docs	https://docs.github.com/en/copilot/reference/custom-agents-configuration	200	html	c627df24ddf98bcce83d53ecc77b762c92bc79568ecb7608de6908d3f27b2f07	2026-09-23
copilot	docs	https://docs.github.com/en/copilot/reference/hooks-reference	200	html	21a35be6dc7548bada0181a0d09169cc34de1da2d5467435ccfa009d23e0f0f0	2026-09-23
crush	changelog	https://github.com/charmbracelet/crush/releases	200	github-api	94a5f9f4aa8385eb3dc9484be475d5121fe7c8f46ef798243bb0e2cb7bcb5b7a	2026-09-23
crush	docs	https://github.com/charmbracelet/crush	200	raw-github	4a72550d9d6d9b8274f1639ef4fbef3ee14c917b9dec0fad71ca7c3bb5d2cfc6	2026-09-22
crush	docs	https://github.com/charmbracelet/crush/blob/main/docs/hooks/README.md	200	raw-github	0871ecba435c774b38650046a10341cccf07661c78a4bf803ce585c8740f4d38	2026-09-22
crush	docs	https://raw.githubusercontent.com/charmbracelet/crush/main/schema.json	200	text	a4d21ef4bcef2965de1ec9eebee0a57aef1bf2c62315157f349f6988162ecffc	2026-09-22
cursor	changelog	https://cursor.com/changelog	200	html	605ac2b7f2698a466bdf3a0d644953cd75b7346ab696b0043ad1dafc91542314	2026-09-23
cursor	docs	https://cursor.com/docs/bugbot	200	html	2fe858502cdbbccab386366ace57102cc1d5ac42b05b9e3cfd8b815739d6c09b	2026-09-23
cursor	docs	https://cursor.com/docs/hooks	200	html	0730c536398e3d321eb4a18489549f9e3a1a99197a4e6994f450399ebefa3b96	2026-09-23
cursor	docs	https://cursor.com/docs/mcp	200	html	e72b01a5caa351c221ed2adaee2d9f40e107cfe7ad513b9701f65e99f34a89d1	2026-09-23
cursor	docs	https://cursor.com/docs/reference/third-party-hooks.md	200	markdown-mirror	c2d2e67fd529f5d14feaaab22b3662f9eac2d21a4c54846f3e28fca6d63292c6	2026-09-23
cursor	docs	https://cursor.com/docs/rules	200	html	7b551d578c089f5270ffb24f5c56fb722082c5e9ac0d54f7fa99a7e25e60fe1a	2026-09-23
cursor	docs	https://cursor.com/docs/skills	200	html	cd4ba62b1c4cf11384874d07f2576b1faca6a3bef2aa6b3db61f8df0fed4bc9b	2026-09-23
cursor	docs	https://cursor.com/docs/subagents	200	html	cc48b31105eddf6ffc2289d0cd6a99363b598aebc699456cb693284a7677903e	2026-09-23
cursor	docs	https://cursor.com/help/customization/skills.md	200	markdown-mirror	7d551fc7939d4632228c7f178f89475113a1ad503000f890271ee95a4aee3a49	2026-09-23
factory	changelog	https://docs.factory.ai/changelog/release-notes.md	200	markdown-mirror	1a6b735be2efd29fcc4ce7191af9392ab4bac09d3cbfb245e320fcc5c0a3eefb	2026-09-23
factory	docs	https://docs.factory.ai/	200	html	212481a9d2f35400539aadc169403388eb7b1ef611ae3fe12dbc7f1db053f273	2026-09-22
factory	docs	https://docs.factory.ai/autonomy-and-safety/sandbox	200	html	873659696cbc355c1fc0cef520aeb48404b727b7f016abeebd6a993229df00df	2026-09-22
factory	docs	https://docs.factory.ai/droid-cli/settings	200	html	693a1fd5eac654e417428651288a8c89d09abc244be4281efc585c0e06230a2c	2026-09-22
factory	docs	https://docs.factory.ai/enterprise/hierarchical-settings-and-org-control	200	html	e33a714ca39a725967fe65c38e2e321408a3cc9e8a65ba84d03fa8a6d561d3b5	2026-09-23
factory	docs	https://docs.factory.ai/enterprise/llm-safety-and-agent-controls	200	html	b57b52e0da4cc7dc81bcce5bcafcefe5c98df6f744feee27b4c4fa33a590cd31	2026-09-22
factory	docs	https://docs.factory.ai/harness/custom-slash-commands	200	html	fad51f56fd4b1f365bb3ded60a5edfdf50e374d331bed243cbaa5608c074983e	2026-09-22
factory	docs	https://docs.factory.ai/harness/hooks	200	html	e067784f3d3b2daa28d78f3c926333776a68de274977f74d5aeb9b24a52a80cc	2026-09-22
factory	docs	https://docs.factory.ai/harness/mcp	200	html	153787ac944e1043c5ae09166f304f8908a88aa9bce4a274d23a0c6d210e411c	2026-09-22
factory	docs	https://docs.factory.ai/harness/skills	200	html	6e7d52596dd5d489f4a2ef5329275f5adf1893d4e848e3a296e548aaf5a0d71b	2026-09-22
factory	docs	https://docs.factory.ai/harness/subagents	200	html	b7d8655644a923cb88776eb9b7d783d9f295a9947607f676558ff659b7ba3c64	2026-09-22
gemini	changelog	https://github.com/google-gemini/gemini-cli/releases	200	github-api	007e548affce0435fa60ba26ad3c035cdfc539794334e4e2486109f21116f8cf	2026-09-23
gemini	docs	https://geminicli.com/docs/cli/custom-commands/	200	html	dbf1a66fbf434c3f9b6063417a8b68697fc6e1ea57f863f75ec24b2dcb4a5e4d	2026-09-22
gemini	docs	https://geminicli.com/docs/cli/gemini-ignore/	200	html	ce1b352ed52cdcc1c376a716f8adb7cfabf08c6ff84d34910d74469005aea6e0	2026-09-22
gemini	docs	https://geminicli.com/docs/cli/skills/	200	html	2a447459223c75b4818f37054900eed200b67d1fc78bbca7b72124bdcd50d1d2	2026-09-22
gemini	docs	https://geminicli.com/docs/core/subagents.md	200	markdown-mirror	4b9baa88628b0a2bdaea87dc6b9a5c5dd2d998274ba9a93cc6ed23c53b8ee2db	2026-09-22
gemini	docs	https://geminicli.com/docs/hooks/reference/	200	html	859f28af0ca32c40e4b0b427f633fe0dc65a7585a9e5e6f7e8bdc8da1d3b814c	2026-09-22
gemini	docs	https://geminicli.com/docs/reference/configuration	200	html	81d08c1d6ea4cb6d4f4fb6f20173944b0f4c7dbad36492c7734327019e8aeb03	2026-09-23
gemini	docs	https://geminicli.com/docs/reference/tools.md	200	markdown-mirror	6b92328b478daae81baa2192d94c0e023fd57a91439f4d6888dcfb3b8c8a673c	2026-09-22
goose	changelog	https://github.com/aaif-goose/goose/releases	200	github-api	dcfee917e225daf241834038719b9c0137bbf7b78b6170ee758ddf51d5c88d00	2026-09-23
goose	docs	https://github.com/aaif-goose/goose/blob/main/documentation/docs/guides/context-engineering/custom-agents.md	200	raw-github	2476673c6e2b11acfe3f95314c942dc2dac67efc79d74861233aeaa18e1b2560	2026-09-22
goose	docs	https://github.com/aaif-goose/goose/blob/main/documentation/docs/guides/context-engineering/hooks.md	200	raw-github	6d9b62f75529f877799e3efae6fd5552605070c18bfc8b1bc32a6ddad940be39	2026-09-22
goose	docs	https://github.com/aaif-goose/goose/blob/main/documentation/docs/guides/context-engineering/plugins.md	200	raw-github	ae9f8ac6449f02169219e0a9f77f77c224d63dcaefc5de64354c4148ed366b01	2026-09-22
goose	docs	https://github.com/aaif-goose/goose/blob/main/documentation/docs/guides/context-engineering/using-goosehints.md	200	raw-github	5b0b1e94c5e8151346d80da3a182d6b24347550d94855de0857e2352da1c4895	2026-09-22
goose	docs	https://github.com/aaif-goose/goose/blob/main/documentation/docs/guides/context-engineering/using-skills.md	200	raw-github	f521f1fedeb5720c3664b064620ea51faa8fa77407f430bef89050eb405b66c3	2026-09-22
jules	changelog	https://jules.google/docs/changelog/	200	html	fc1b511a7f842110fbf49be3cb617442aea322186f8b6c295ba11efe5007e309	2026-09-22
jules	docs	https://jules.google/docs	200	html	c648501d2a6994eb5a16b74df1505bfd205ede672fa19b94e922135cbc5c4a0e	2026-09-22
junie	changelog	https://junie.jetbrains.com/blog/	200	html	894ac58b8b3f2a0dcf076b6a8a4155c871a8f0cdf1c9477c72c05eb9b853367a	2026-09-22
junie	changelog	https://plugins.jetbrains.com/api/plugins/26104/updates?size=20	200	json	92f9081f28570d494ea284d5daf8921937ee3f3122b6f9e2ab0ef11af66c7ea6	2026-09-23
junie	changelog	https://plugins.jetbrains.com/plugin/26104-junie-the-ai-coding-agent-by-jetbrains/versions	200	app-shell	-	2026-09-22
junie	docs	https://junie.jetbrains.com/docs/action-allowlist-junie-cli.html	200	html	90303518b59ccbcc559f776a4f5af4b6ced22efa6737e71392bcd64c4a6f364c	2026-09-23
junie	docs	https://junie.jetbrains.com/docs/agent-skills.html	200	html	f7bc38e33d87758316c64d72849214c764c498d8991070c26b3500e4af011228	2026-09-23
junie	docs	https://junie.jetbrains.com/docs/custom-llm-models.html	200	html	952a86192f38d49de1a63456db4281e296be895e10950463e2bf34ffceea4eff	2026-09-23
junie	docs	https://junie.jetbrains.com/docs/custom-slash-commands.html	200	html	d6aea7d5f5abc21d6a5933f90512e3ed1897e42e0fe91b4c976ff34b1561ed43	2026-09-23
junie	docs	https://junie.jetbrains.com/docs/environment-variables.html	200	html	b6e8e6148b6649183cff9d130e9eb658b634ba4b43aa3706930cb17b4a8720d4	2026-09-23
junie	docs	https://junie.jetbrains.com/docs/get-started-with-junie.html	200	app-shell	-	2026-09-22
junie	docs	https://junie.jetbrains.com/docs/guidelines-and-memory.html	200	html	8db00328025e0615a974c2546fc4497b9e9ab01a3114387995ebad4d60501112	2026-09-23
junie	docs	https://junie.jetbrains.com/docs/junie-cli-configuration.html	200	html	56ab5fee724b5d9e985d00747878199cb473f89d755b192e468e1608404fb17d	2026-09-23
junie	docs	https://junie.jetbrains.com/docs/junie-cli-demo.html	200	html	97ecb3cc29b77ada0f5a2c5e01c7a0f742db12ddc8d7ab98ec9b687d3e80b01c	2026-09-23
junie	docs	https://junie.jetbrains.com/docs/junie-cli-extensions.html	200	html	0357090cbd466f59ceb8348b1e69be81776a74af87b3536e40673669f104cbe0	2026-09-23
junie	docs	https://junie.jetbrains.com/docs/junie-cli-hooks.html	200	html	b05f2ccdc4aca0eff066ab784dcd840b90de30e256b8db340f1f061f36293de0	2026-09-23
junie	docs	https://junie.jetbrains.com/docs/junie-cli-mcp-configuration.html	200	html	a70023d2211b0d33a30a012ba03cef0044ac1bd8cffb15a824b605b1a7b057d9	2026-09-23
junie	docs	https://junie.jetbrains.com/docs/junie-cli-subagents.html	200	html	285488b9442970bb66caea7b0a80faed997307c51cef3325b68800ba4dea3d7c	2026-09-23
junie	docs	https://junie.jetbrains.com/docs/junie-ide-plugin.html	200	html	1e65a7b068859b8a4e21fdb60417c22088bf4b0096a5d83685868e001c2703e8	2026-09-23
junie	docs	https://junie.jetbrains.com/docs/junie-review-agent.html	200	html	9b67fb5132cc83e923483aca521ef47f94236847ccb2c9752eeb0de7036f2895	2026-09-23
junie	docs	https://junie.jetbrains.com/docs/starting-page-get-started-with-junie.json	200	json	1d42da67ad9bb962ea8f6262b2ac744f89fcc5b9a973ad394d0cc982321cbcf3	2026-09-22
kilo	changelog	https://github.com/Kilo-Org/kilocode/releases	200	github-api	546d5430b6dbb1af5ba362d2e7e2088ef64d3732682df70a24cc7da7862ff247	2026-09-23
kilo	docs	https://kilo.ai/docs	200	html	1d0d9de8535e3bf6be2bab5b82acbc607380a965468dc4c6ce700cb655072424	2026-09-22
kilo	docs	https://kilo.ai/docs/automate/tools	200	html	1f230cf9466dfa35e570d8e598390c5b67630b28b7abf698a6e7ee0e822bb0a9	2026-09-22
kilo	docs	https://kilo.ai/docs/code-with-ai/agents/goals	200	html	1ac3554155b55637c5b70e961a956e127ad2ef5c2670dcea2a0ef27572006017	2026-09-22
kilo	docs	https://kilo.ai/docs/customize/agent-permissions	200	html	d5d96c58984e8e1a89414128f074681b368ef1f18edd1cd49610914fa12025f4	2026-09-22
kilo	docs	https://kilo.ai/docs/customize/agents-md	200	html	5e263d30178766a39dba9136aef0303d0d82f5bcf7c0ef16a6198df62ac0bd93	2026-09-22
kilo	docs	https://kilo.ai/docs/customize/custom-rules	200	html	46589c2aed1d340a3a77b1d0ff07592c5707bbe7b157fc489d6553f90516b254	2026-09-22
kilo	docs	https://kilo.ai/docs/customize/custom-subagents	200	html	89c1b260a1685511420fa5af0ff9966bef08873e269db969b92bb257df13794c	2026-09-22
kilo	docs	https://kilo.ai/docs/customize/skills	200	html	afc1f22ab5c7da6162391e40520cbe1842b8c7a4d9dc4a3645c991579302b12a	2026-09-23
kilo	docs	https://kilo.ai/docs/getting-started/settings/auto-approving-actions	200	html	3d660caed47c7252466c544bcec647c9e1b470d71a56bfea50f9bf9e11208568	2026-09-22
kiro	changelog	https://kiro.dev/changelog/	200	html	255c635346a23003bdb81594d1db89ec5287c5290474bcfc2d2fe281b46f175e	2026-09-23
kiro	docs	https://kiro.dev/docs/cli/v3/hooks-migration/	200	html	175593036d442c3cbb09cfdac2c92a9e9fcc409dcc50d72d57e1720ee607b06d	2026-09-23
kiro	docs	https://kiro.dev/docs/custom-agents/	200	html	cf6f70d9db80d49b99f9b4f5d47f5c8d21bf56d789b460d98e33e1b8c218478f	2026-09-23
kiro	docs	https://kiro.dev/docs/custom-agents/configuration-reference/	200	html	ea25f370e8b2bbcd21bcbf3766548ead0caf1c59fae255baaec6845d6931a747	2026-09-23
kiro	docs	https://kiro.dev/docs/hooks/	200	html	a1def7d70cd8e3796f8c1fcc40d60c85b13665dc1d50fef893fe0fa22be9c8f0	2026-09-23
kiro	docs	https://kiro.dev/docs/hooks/actions/	200	html	ea338af2fdb71eb94906c0366f7139c5663933628f0231e390d49f4ebd78c859	2026-09-23
kiro	docs	https://kiro.dev/docs/hooks/types/	200	html	8e65c2cadaca5a134f9d6050847a78f3854d47bef211c1ed6c54f914460820a5	2026-09-23
kiro	docs	https://kiro.dev/docs/kiroignore/	200	html	5278b727c53f0d350e05d946947c0c14cf9b3e76d9ef8292fb230fefd9369ee1	2026-09-23
kiro	docs	https://kiro.dev/docs/mcp/	200	html	0eb518f2ee1365bcc34b3c4aabd8542cc4c252517def3c7c359cc60917dc517f	2026-09-23
kiro	docs	https://kiro.dev/docs/mcp/configuration/	200	html	10a2c68d734d6d511cbe4c0db9581afef22231a129fafde3e027f172c6955fb0	2026-09-23
kiro	docs	https://kiro.dev/docs/powers/	200	html	7739e83f4e755b0be8958d3ac8ace68540684f6df7f4b6bef629bc6015593f5a	2026-09-23
kiro	docs	https://kiro.dev/docs/powers/installation/	200	html	de377acb75d41771d87f3482d6ffa112aeeb3b31a4cddabb4b6fc28120da495b	2026-09-23
kiro	docs	https://kiro.dev/docs/skills/	200	html	360f818a79641756069f24aaf5d3126a5d7d169fa50f5e35f47b0fa83a48fc86	2026-09-23
kiro	docs	https://kiro.dev/docs/steering/	200	html	e25429b73d190004d213a7a335eb06ef93034faeb68da1ce15d849fa42bd0ceb	2026-09-23
kiro	docs	https://kiro.dev/docs/tools/	200	html	d481a39fc26d6ec657c0c527ee973e4ec825b5032d1b7dccce102ffa722f64e1	2026-09-23
opencode	changelog	https://github.com/anomalyco/opencode/releases	200	github-api	e2ddf16135992755f87e06133af6575ca3c33acc8678586354231cb936ccb771	2026-09-22
opencode	docs	https://opencode.ai/docs/agents/	200	html	ff5f00e5cd359a0c26b6e8ae0f8681708e77e3da82c2ea4624a6855e359ae1e0	2026-09-23
opencode	docs	https://opencode.ai/docs/commands/	200	html	4055329f979b4048812053691c4928820e5419259717c2679e0f32812b77d1bd	2026-09-23
opencode	docs	https://opencode.ai/docs/mcp-servers/	200	html	a2e97b9e6924fe7b9002e119fe42375f865f16d72c0e1e8784f8da8f46d42d4c	2026-09-23
opencode	docs	https://opencode.ai/docs/permissions/	200	html	c90941795135a2bb6ce412454d5a0b9736f9d51036984baa38604cd79916dd2b	2026-09-23
opencode	docs	https://opencode.ai/docs/plugins/	200	html	966ae1cd78b9efb728e0f6a120f4b8bd78fcc56c774337344fd3977c6fea66c8	2026-09-23
opencode	docs	https://opencode.ai/docs/policies/	200	html	c6dfa76b2ac5a82abfa8dba10461deef0dbc7d91b6250a9d658b633a2a814f62	2026-09-23
opencode	docs	https://opencode.ai/docs/rules/	200	html	ff9515ebfe43cc1327d4182fb0913845e7eccd6ce0e20a767c170e47059e1548	2026-09-23
opencode	docs	https://opencode.ai/docs/skills/	200	html	7b7bc87b41b6563c966e4cd2e144f5769d2744b6a62acd62d4929f5b99dc80cc	2026-09-23
openhands	changelog	https://github.com/OpenHands/OpenHands/releases	200	github-api	3ed144875875cae8b7b6956c38b09da5cdccfcfa65487389218011924187fe5d	2026-09-23
openhands	docs	https://docs.openhands.dev/openhands/usage/customization/hooks	200	html	74d1218df8aee4123bbf9d1f596efa1ed96c1745646d5ef12c738e49d4a8d364	2026-09-22
openhands	docs	https://docs.openhands.dev/openhands/usage/customization/repository	200	html	b0e96b520ef27333238f93b14c9b077ad2cddae546c79a70a85345e5670564f8	2026-09-22
openhands	docs	https://docs.openhands.dev/openhands/usage/settings/mcp-settings	200	html	56af44d58684961debacf47c53f44d3bff33dc664bdedc2373f2d0067ef30af0	2026-09-22
openhands	docs	https://docs.openhands.dev/overview/skills	200	html	95e0261233d641ef711d6a97e2808e77cabc9092bdb3a880cc358116f4df21b9	2026-09-22
openhands	docs	https://docs.openhands.dev/overview/skills/path	200	html	e1fce8753008d6e3baf0cbe1c7c2f8f351b1ea34edb2c033ea12d127391a7505	2026-09-22
openhands	docs	https://docs.openhands.dev/sdk/guides/agent-file-based	200	html	082d312ff6304789c20b8ef9d9baf713ea9258fc116402490ab4524965d85218	2026-09-22
qoder	changelog	https://docs.qoder.com/release-notes/desktop.md	200	markdown-mirror	f6291030e4294fa629ce5d32f440827894f3c0e7689e4cbe58271f7804f9d7cd	2026-09-22
qoder	changelog	https://docs.qoder.com/release-notes/qoder-cli.md	200	markdown-mirror	5d0d69329b0d32299573e9f3b280d61a550027aff0c99c675093b45148aac140	2026-09-22
qoder	docs	https://docs.qoder.com/cli/commands	200	html	3bb308b851336d84ae56093089877ecb3d4048396adcb5503f01af86242b705a	2026-09-22
qoder	docs	https://docs.qoder.com/cli/config-scope	200	html	950a9141f38513958120052b33fa43817518869ec3d964a457771a3f81afe2b2	2026-09-22
qoder	docs	https://docs.qoder.com/cli/hooks	200	html	191994183db008abb463b9803fdbc1e93f2ff9e4b77b399fdacf129dec65c866	2026-09-23
qoder	docs	https://docs.qoder.com/cli/hooks-reference	200	html	c8c068effe6bbbada29b97d111a2e91cf3906ecc81e11f20ccce9ba53686ab8c	2026-09-22
qoder	docs	https://docs.qoder.com/cli/mcp-reference	200	html	a6b1fa69206e5bc6992f6d8dd9446da2c75fc6ef8a7e5cac83bdcae8faf4e80b	2026-09-22
qoder	docs	https://docs.qoder.com/cli/mcp-servers	200	html	5c2f7147d0ba1365a48b00f3da95dfd0a42b5e51a0681de6f65afff696b247ff	2026-09-22
qoder	docs	https://docs.qoder.com/cli/memory	200	html	7ab4eb609660136860f371184b6c98e6f92e30456c4ac201de3c2cae00ce476c	2026-09-23
qoder	docs	https://docs.qoder.com/cli/permissions	200	html	ab149ccf0bb58b257edfc62ce56526087c095886a78485ae1ed1eaf7ef20daac	2026-09-22
qoder	docs	https://docs.qoder.com/cli/settings	200	html	e74438e9a2d2c0d391ae1c0a99eb1f21157f3305af973f7d5b339923e0e8e293	2026-09-22
qoder	docs	https://docs.qoder.com/cli/settings-reference	200	html	03717083a4fb66d8711c731a20e211ec9b59f774e1b21420d71f0e5b465f9e59	2026-09-23
qoder	docs	https://docs.qoder.com/cli/Skills	200	html	e9674c781d4eec82a358511b8a9365b38814eb2e01c4e78c9be8076765601157	2026-09-22
qoder	docs	https://docs.qoder.com/cli/subagent	200	html	65436b08cfc70ac71f349f41269803c075fd55871d27f50ceae213e3839fb3e2	2026-09-22
qoder	docs	https://docs.qoder.com/extensions/skills	200	html	1fc588cc20e14e7bb9554c1de5a4b73ed7d5607539a6df09f9538a908f9cc5e7	2026-09-22
qoder	docs	https://docs.qoder.com/extensions/subagent	200	html	09bb6a508ec537f10f2d077b997a643d0749bc42a3c282b3434e76952242717e	2026-09-22
qoder	docs	https://docs.qoder.com/user-guide/chat/model-context-protocol	200	html	2007bb5feed320d4974b5736115888081e95b57a82f6ed61c11e5974bd3172cc	2026-09-22
qoder	docs	https://docs.qoder.com/user-guide/commands	200	html	1ed42bf694173f7f11c2c75e7c11ca55faed16ed8db4028f1d82965671910d24	2026-09-22
qoder	docs	https://docs.qoder.com/user-guide/rules	200	html	cb97c71fb2c57e43f4cd76eed1abefb6670fdb1b4254adaecb6ae02f738fe599	2026-09-22
trae	changelog	https://docs.trae.ai/ide/changelog	200	router-data	d1b2c14a889ae7cee93475ea9f3da4fc4ab6a677d790cbb9275d0498d00dd8e1	2026-09-23
trae	changelog	https://www.trae.ai/api/changelog	200	json	db52938b565f9ec0e435d6243c2084309d2911248e16ff9939fadefd8bc5aff0	2026-09-22
trae	docs	https://docs.trae.ai/ide/add-mcp-servers	200	router-data	c4eebda332860273c47444ec8431a1c7c36a50268de00035a77951259bd1d828	2026-09-23
trae	docs	https://docs.trae.ai/ide/automate-actions-with-hooks	200	router-data	e673996179fb12235679910ea9990b4b30f1fca5835bdc5b3a3a9a1ff1fdf252	2026-09-23
trae	docs	https://docs.trae.ai/ide/hook-configuration-reference	200	router-data	fa8beaa2490621c35bda8a63b2e3e8b23053cac356dbf8d19945005d56e4fbf2	2026-09-23
trae	docs	https://docs.trae.ai/ide/ignore-files	200	router-data	fff9f6e777e4cbb1ce0b0922d3ca4458da8c1e29c3831669931db4500826cdf1	2026-09-23
trae	docs	https://docs.trae.ai/ide/model-context-protocol	200	router-data	d20a350b162d804e6bb14fc489385607848714fc3e680e6d738701b4fffeb480	2026-09-23
trae	docs	https://docs.trae.ai/ide/rules	200	router-data	6bd6ee9f46b119711f413d8417b17aeea1be55c1762c7fff88aa6617fcbccaaa	2026-09-23
trae	docs	https://docs.trae.ai/ide/skills	200	router-data	f85e5b14cd9700a05f9de849736a02d03a154f6e573e08ad348181005b436761	2026-09-23
trae	docs	https://docs.trae.ai/ide/slash-commands	200	router-data	856729aa8e23b3362287da7d7aafce6023744876f6b2eb62ac7698feefb2ce0f	2026-09-23
trae	docs	https://docs.trae.ai/ide/subagents	200	router-data	6167b42483564c74066c2e4584829c377036b29551aee3c1f1637ef168479c46	2026-09-23
warp	changelog	https://docs.warp.dev/changelog/	200	html	70c5a8f532d73294b71e67deb7836cc15fdb7938ffa357d95b4730341fcf7ae4	2026-09-23
warp	changelog	https://docs.warp.dev/changelog/2026.md	200	markdown-mirror	0d764d643808cbc389e6da2bd4c50b6ed5f6eaa896cbd42826aba6afdbd2619c	2026-09-22
warp	docs	https://docs.warp.dev/agents/capabilities/mcp	200	html	c486d7b1454da02a831459ef1a16b1d9b5b25ce8f5507097b189673a7714d255	2026-09-23
warp	docs	https://docs.warp.dev/agents/capabilities/skills	200	html	9948d5f6173f0579180689bbe70c74508cdec552eea2c87caca6b9f604d6665d	2026-09-23
warp	docs	https://docs.warp.dev/terminal/entry/yaml-workflows	200	html	a7952fe845741fb3fb36ceb200b90324210c9d0f6d7a23ffa96bec0aa2cb7087	2026-09-23
windsurf	changelog	https://docs.devin.ai/cli/changelog/stable.md	200	markdown-mirror	033813eb6aee400e72cd78c0121edb06a6dd91a6700e1049a58b1931ce043f21	2026-09-22
windsurf	changelog	https://docs.devin.ai/desktop/changelog.md	200	markdown-mirror	78e43dc3f15444d8317a4143e62b388027679b7d1d35cfaa4e1d23ece521466f	2026-09-22
windsurf	docs	https://docs.devin.ai/cli/extensibility/hooks/overview	200	html	fe910dd05cccdc6ae0ba112163a2bf7e1bab04a62a316e4de925a20f4b1a0988	2026-09-22
windsurf	docs	https://docs.devin.ai/cli/extensibility/mcp/configuration	200	html	4ceb2b12981d999dd2d71d855b5d6be269f29c8c8c0cecd8eca60bfbeeb29c40	2026-09-22
windsurf	docs	https://docs.devin.ai/cli/extensibility/rules	200	html	8495be013eb8d9865cd4c4e0d51832d4475733653a1b078d3d5f56e639026a45	2026-09-22
windsurf	docs	https://docs.devin.ai/cli/extensibility/skills/creating-skills.md	200	markdown-mirror	3eb9bfefd99002dfc730a1eb0879b1d320f36ba998e20405d8c6c591732b4f1e	2026-09-22
windsurf	docs	https://docs.devin.ai/cli/extensibility/skills/overview	200	html	fd8c90bd2c8b8cf795b9e13863c672b508bd6758241d9b7ffd1bd0d6ccff76a3	2026-09-22
windsurf	docs	https://docs.devin.ai/cli/reference/permissions	200	html	ee6172063e13daff1c2889c5911d7020502349eabaec9aa1300ec1096be7cca3	2026-09-22
windsurf	docs	https://docs.devin.ai/cli/subagents	200	html	69144c8d2e228365976b10c678e89f995703fe1898f489e68ac20d2f8db1c4eb	2026-09-22
windsurf	docs	https://docs.devin.ai/desktop/cascade/agents-md	200	html	810919e1f03342441670979927e280c671a93f5f605c3c770b0aafd0591c22b9	2026-09-22
windsurf	docs	https://docs.devin.ai/desktop/cascade/mcp	200	html	eaa81475ed2fba6311db2937eaf7a33a8fa8e139b6f845de7fc295a0838febd7	2026-09-22
windsurf	docs	https://docs.devin.ai/desktop/cascade/memories	200	html	33187370ccc935cc83e47fa75207c43c2f0ed75177fb8aec9c0fc3192829efbd	2026-09-22
windsurf	docs	https://docs.devin.ai/desktop/cascade/skills	200	html	cbb5ae4bddab9b63e7eaa8ffcf36c47d668c773c6f07ae85139b9a1d2d751672	2026-09-22
windsurf	docs	https://docs.devin.ai/desktop/cascade/workflows	200	html	d7d6d0b175481cdc654c423dc7237b09e859cf3e4301f7ea93c53c5d967595b5	2026-09-22
windsurf	docs	https://docs.devin.ai/desktop/context-awareness/windsurf-ignore	200	html	9dc73dedcdc3c4546d8af82d3683bcf80f1facc409b900dc17d1e8974a0deb58	2026-09-22
windsurf	docs	https://docs.devin.ai/desktop/devin-local	200	html	84c84a27eddee8f3d705b54857d0587f5a3d387da176f6b1903c89c082d0c554	2026-09-22
zed	changelog	https://zed.dev/releases	200	html	18e2fa71df4481400a42d223cf49451b58af9f4939cf7a5e6db0fa7189c1d940	2026-09-23
zed	docs	https://zed.dev/docs/ai/instructions	200	html	ca30e86f0eb2aef3c25f148c90e6765928c78da5ac7cf4d58145e9834f460127	2026-09-22
zed	docs	https://zed.dev/docs/ai/mcp	200	html	35774f8105cba558cb0665887e6866d9d3d2b494f1f1f3861b3538df54f881ae	2026-09-22
zed	docs	https://zed.dev/docs/ai/skills	200	html	78dc6d527986220f7076632a6d88b2398750a4e9cf6b44370827d8d2a9dbbef7	2026-09-22
zed	docs	https://zed.dev/docs/tasks	200	html	2516a38261e1e99c1d2fcbc49d474cb85848b4677a3979d7bce684102b875231	2026-09-22
