{
  "name": "agnostic-ai-caveman-runtime-fixture",
  "version": "1.0.0",
  "lockfileVersion": 3,
  "requires": true,
  "packages": {
    "": {
      "name": "agnostic-ai-caveman-runtime-fixture",
      "version": "1.0.0",
      "dependencies": {
        "@caveman-ai/cli": "2.1.0"
      }
    },
    "node_modules/@caveman-ai/cli": {
      "version": "2.1.0",
      "resolved": "https://registry.npmjs.org/@caveman-ai/cli/-/cli-2.1.0.tgz",
      "integrity": "sha512-G7NoJ6lgQUljgqeAX+7tEUvrtUy84C42VcUrTgavCj4/lkUEcL8cch9/Ut14DZjIfI8Sh6dzHzCacuavFfKqJw==",
      "license": "Apache-2.0",
      "bin": {
        "cave": "dist/index.js",
        "caveman": "dist/index.js"
      },
      "engines": {
        "node": ">=22.13"
      }
    }
  }
}
